// !$*UTF8*$!
{
	archiveVersion = 1;
	classes = {
	};
	objectVersion = 55;
	objects = {

/* Begin PBXBuildFile section */
		011A06F68E27568B85744AC7 /* Pods_bumpd_bumpdUITests.framework in Frameworks */ = {isa = PBXBuildFile; fileRef = 87461EFC1B482F88530FF380 /* Pods_bumpd_bumpdUITests.framework */; };
		46AD61210CEF0A03F245401D /* Pods_bumpdTests.framework in Frameworks */ = {isa = PBXBuildFile; fileRef = 46A7FCD9DBB664F8289522F3 /* Pods_bumpdTests.framework */; };
		511C04452C3478C00038601A /* GoogleService-Info.plist in Resources */ = {isa = PBXBuildFile; fileRef = 511C04442C3478C00038601A /* GoogleService-Info.plist */; };
		AAEF0C150C48D34DA309A619 /* Pods_bumpd.framework in Frameworks */ = {isa = PBXBuildFile; fileRef = 8A7B7C1547B14AC85524E161 /* Pods_bumpd.framework */; };
		F29E6BBB2C3CEC3E00A3B2C1 /* OptionsView.xib in Resources */ = {isa = PBXBuildFile; fileRef = F29E6BBA2C3CEC3E00A3B2C1 /* OptionsView.xib */; };
		F29E6BBF2C3CED2A00A3B2C1 /* OptionsView.swift in Sources */ = {isa = PBXBuildFile; fileRef = F29E6BBE2C3CED2A00A3B2C1 /* OptionsView.swift */; };
		F29E6BC72C3DFCDB00A3B2C1 /* BottomSheetViewController.xib in Resources */ = {isa = PBXBuildFile; fileRef = F29E6BC52C3DFCDA00A3B2C1 /* BottomSheetViewController.xib */; };
		F29E6BC82C3DFCDB00A3B2C1 /* BottomSheetViewController.swift in Sources */ = {isa = PBXBuildFile; fileRef = F29E6BC62C3DFCDB00A3B2C1 /* BottomSheetViewController.swift */; };
		FF037FD32A7191AE00182513 /* notifyViewTV.swift in Sources */ = {isa = PBXBuildFile; fileRef = FF037FD22A7191AE00182513 /* notifyViewTV.swift */; };
		FF037FD52A7192E400182513 /* Notify.swift in Sources */ = {isa = PBXBuildFile; fileRef = FF037FD42A7192E400182513 /* Notify.swift */; };
		FF037FD72A71940300182513 /* notifyCell.swift in Sources */ = {isa = PBXBuildFile; fileRef = FF037FD62A71940300182513 /* notifyCell.swift */; };
		FF037FD92A71942100182513 /* acceptCell.swift in Sources */ = {isa = PBXBuildFile; fileRef = FF037FD82A71942100182513 /* acceptCell.swift */; };
		FF0A453F2AB236B700CB6AA5 /* allBumpersTV.swift in Sources */ = {isa = PBXBuildFile; fileRef = FF0A453E2AB236B700CB6AA5 /* allBumpersTV.swift */; };
		FF0A45412AB236CE00CB6AA5 /* allTVC.swift in Sources */ = {isa = PBXBuildFile; fileRef = FF0A45402AB236CE00CB6AA5 /* allTVC.swift */; };
		FF0B43F32B6AEA6000A8B87E /* RefreshButton.swift in Sources */ = {isa = PBXBuildFile; fileRef = FF0B43F22B6AEA6000A8B87E /* RefreshButton.swift */; };
		FF10E8F72A1D49D700ED1517 /* ConciergeView.swift in Sources */ = {isa = PBXBuildFile; fileRef = FF10E8F62A1D49D700ED1517 /* ConciergeView.swift */; };
		FF135DFA2A5F037D00B8639E /* profileTableview.swift in Sources */ = {isa = PBXBuildFile; fileRef = FF135DF92A5F037D00B8639E /* profileTableview.swift */; };
		FF135DFC2A5F089300B8639E /* memoriesTableview.swift in Sources */ = {isa = PBXBuildFile; fileRef = FF135DFB2A5F089300B8639E /* memoriesTableview.swift */; };
		FF135E002A6102C900B8639E /* Comments.swift in Sources */ = {isa = PBXBuildFile; fileRef = FF135DFF2A6102C900B8639E /* Comments.swift */; };
		FF135E032A6103FE00B8639E /* commentTVC.swift in Sources */ = {isa = PBXBuildFile; fileRef = FF135E012A6103FE00B8639E /* commentTVC.swift */; };
		FF135E042A6103FE00B8639E /* commentTVC.xib in Resources */ = {isa = PBXBuildFile; fileRef = FF135E022A6103FE00B8639E /* commentTVC.xib */; };
		FF2C4FAB2A90037000631300 /* feedProfileTVC.swift in Sources */ = {isa = PBXBuildFile; fileRef = FF2C4FAA2A90037000631300 /* feedProfileTVC.swift */; };
		FF2D48332A20EC4400B27FE6 /* likeCVC.swift in Sources */ = {isa = PBXBuildFile; fileRef = FF2D48322A20EC4400B27FE6 /* likeCVC.swift */; };
		FF2D48352A20EC9E00B27FE6 /* moreCVC.swift in Sources */ = {isa = PBXBuildFile; fileRef = FF2D48342A20EC9E00B27FE6 /* moreCVC.swift */; };
		FF2F0CD12A61EE79002442BF /* memoryDetailsView.swift in Sources */ = {isa = PBXBuildFile; fileRef = FF2F0CD02A61EE79002442BF /* memoryDetailsView.swift */; };
		FF2F0CD32A61EFDD002442BF /* memoryDetailsTV.swift in Sources */ = {isa = PBXBuildFile; fileRef = FF2F0CD22A61EFDD002442BF /* memoryDetailsTV.swift */; };
		FF2F0CD52A61F079002442BF /* memoryMap.swift in Sources */ = {isa = PBXBuildFile; fileRef = FF2F0CD42A61F079002442BF /* memoryMap.swift */; };
		FF32811F2A3117A3009BBE01 /* Bumpers.swift in Sources */ = {isa = PBXBuildFile; fileRef = FF32811E2A3117A3009BBE01 /* Bumpers.swift */; };
		FF3281212A312001009BBE01 /* topCVC.swift in Sources */ = {isa = PBXBuildFile; fileRef = FF3281202A312001009BBE01 /* topCVC.swift */; };
		FF3281232A312014009BBE01 /* bumpTVC.swift in Sources */ = {isa = PBXBuildFile; fileRef = FF3281222A312014009BBE01 /* bumpTVC.swift */; };
		FF3EBA022A0A10B900B4E6AE /* Config.plist in Resources */ = {isa = PBXBuildFile; fileRef = FF3EBA012A0A10B900B4E6AE /* Config.plist */; };
		FF3EBA042A0A10C600B4E6AE /* verifyAPI.swift in Sources */ = {isa = PBXBuildFile; fileRef = FF3EBA032A0A10C600B4E6AE /* verifyAPI.swift */; };
		FF3EBA062A0A1A9F00B4E6AE /* verifyNav.swift in Sources */ = {isa = PBXBuildFile; fileRef = FF3EBA052A0A1A9F00B4E6AE /* verifyNav.swift */; };
		FF3EBA082A0AB08800B4E6AE /* dataStructures.swift in Sources */ = {isa = PBXBuildFile; fileRef = FF3EBA072A0AB08800B4E6AE /* dataStructures.swift */; };
		FF3EBA0A2A0AB10E00B4E6AE /* requestHelper.swift in Sources */ = {isa = PBXBuildFile; fileRef = FF3EBA092A0AB10E00B4E6AE /* requestHelper.swift */; };
		FF3EBA0C2A0AC28B00B4E6AE /* feedCell.swift in Sources */ = {isa = PBXBuildFile; fileRef = FF3EBA0B2A0AC28B00B4E6AE /* feedCell.swift */; };
		FF3EBA0F2A0AC31F00B4E6AE /* Bumps.swift in Sources */ = {isa = PBXBuildFile; fileRef = FF3EBA0E2A0AC31F00B4E6AE /* Bumps.swift */; };
		FF3EBA112A0AC33300B4E6AE /* Feed.swift in Sources */ = {isa = PBXBuildFile; fileRef = FF3EBA102A0AC33300B4E6AE /* Feed.swift */; };
		FF3EBA142A0AC46E00B4E6AE /* Users.swift in Sources */ = {isa = PBXBuildFile; fileRef = FF3EBA132A0AC46E00B4E6AE /* Users.swift */; };
		FF3EBA162A0AC4CB00B4E6AE /* Likes.swift in Sources */ = {isa = PBXBuildFile; fileRef = FF3EBA152A0AC4CB00B4E6AE /* Likes.swift */; };
		FF4C4F992A02E06600B83FAF /* googleView.swift in Sources */ = {isa = PBXBuildFile; fileRef = FF4C4F982A02E06500B83FAF /* googleView.swift */; };
		FF679A3E2A8E723C00F4BA0F /* bumpDetailsView.swift in Sources */ = {isa = PBXBuildFile; fileRef = FF679A3D2A8E723B00F4BA0F /* bumpDetailsView.swift */; };
		FF679A402A8E731800F4BA0F /* bumpDetailsTV.swift in Sources */ = {isa = PBXBuildFile; fileRef = FF679A3F2A8E731700F4BA0F /* bumpDetailsTV.swift */; };
		FF679A422A8E73C000F4BA0F /* bumpMap.swift in Sources */ = {isa = PBXBuildFile; fileRef = FF679A412A8E73C000F4BA0F /* bumpMap.swift */; };
		FF679A442A8E73D100F4BA0F /* bumpPhoto.swift in Sources */ = {isa = PBXBuildFile; fileRef = FF679A432A8E73D100F4BA0F /* bumpPhoto.swift */; };
		FF679A462A8E9C7D00F4BA0F /* confirmView.swift in Sources */ = {isa = PBXBuildFile; fileRef = FF679A452A8E9C7D00F4BA0F /* confirmView.swift */; };
		FF679A482A8F039600F4BA0F /* feedProfileNav.swift in Sources */ = {isa = PBXBuildFile; fileRef = FF679A472A8F039600F4BA0F /* feedProfileNav.swift */; };
		FF679A4A2A8F03E200F4BA0F /* feedProfileTV.swift in Sources */ = {isa = PBXBuildFile; fileRef = FF679A492A8F03E200F4BA0F /* feedProfileTV.swift */; };
		FF6A24F12A1D5A5900D74339 /* feedDetailsView.swift in Sources */ = {isa = PBXBuildFile; fileRef = FF6A24F02A1D5A5900D74339 /* feedDetailsView.swift */; };
		FF6A24F32A1D615100D74339 /* style.json in Resources */ = {isa = PBXBuildFile; fileRef = FF6A24F22A1D615100D74339 /* style.json */; };
		FF6A24F62A1D648200D74339 /* mapView.swift in Sources */ = {isa = PBXBuildFile; fileRef = FF6A24F52A1D648200D74339 /* mapView.swift */; };
		FF6A24F92A1D65D600D74339 /* PushNotificationManager.swift in Sources */ = {isa = PBXBuildFile; fileRef = FF6A24F82A1D65D600D74339 /* PushNotificationManager.swift */; };
		FF6A24FA2A1D65D600D74339 /* PushNotificationSender.swift in Sources */ = {isa = PBXBuildFile; fileRef = FF6A24F72A1D65D500D74339 /* PushNotificationSender.swift */; };
		FF7C43F829F836B8001B9D35 /* AppDelegate.swift in Sources */ = {isa = PBXBuildFile; fileRef = FF7C43F729F836B8001B9D35 /* AppDelegate.swift */; };
		FF7C43FA29F836B8001B9D35 /* SceneDelegate.swift in Sources */ = {isa = PBXBuildFile; fileRef = FF7C43F929F836B8001B9D35 /* SceneDelegate.swift */; };
		FF7C43FF29F836B8001B9D35 /* Main.storyboard in Resources */ = {isa = PBXBuildFile; fileRef = FF7C43FD29F836B8001B9D35 /* Main.storyboard */; };
		FF7C440129F836BB001B9D35 /* Assets.xcassets in Resources */ = {isa = PBXBuildFile; fileRef = FF7C440029F836BB001B9D35 /* Assets.xcassets */; };
		FF7C440429F836BB001B9D35 /* LaunchScreen.storyboard in Resources */ = {isa = PBXBuildFile; fileRef = FF7C440229F836BB001B9D35 /* LaunchScreen.storyboard */; };
		FF7C440F29F836BB001B9D35 /* bumpdTests.swift in Sources */ = {isa = PBXBuildFile; fileRef = FF7C440E29F836BB001B9D35 /* bumpdTests.swift */; };
		FF7C441929F836BB001B9D35 /* bumpdUITests.swift in Sources */ = {isa = PBXBuildFile; fileRef = FF7C441829F836BB001B9D35 /* bumpdUITests.swift */; };
		FF7C441B29F836BB001B9D35 /* bumpdUITestsLaunchTests.swift in Sources */ = {isa = PBXBuildFile; fileRef = FF7C441A29F836BB001B9D35 /* bumpdUITestsLaunchTests.swift */; };
		FF7C442A29F84DB8001B9D35 /* poppins in Resources */ = {isa = PBXBuildFile; fileRef = FF7C442929F84DB8001B9D35 /* poppins */; };
		FF7C443529F866B5001B9D35 /* landingView.swift in Sources */ = {isa = PBXBuildFile; fileRef = FF7C443429F866B5001B9D35 /* landingView.swift */; };
		FF7C443729F867E5001B9D35 /* signupView.swift in Sources */ = {isa = PBXBuildFile; fileRef = FF7C443629F867E5001B9D35 /* signupView.swift */; };
		FF7C443929F86816001B9D35 /* loginView.swift in Sources */ = {isa = PBXBuildFile; fileRef = FF7C443829F86816001B9D35 /* loginView.swift */; };
		FF7C443D29F87439001B9D35 /* loginNav.swift in Sources */ = {isa = PBXBuildFile; fileRef = FF7C443C29F87439001B9D35 /* loginNav.swift */; };
		FF7C443F29F8746A001B9D35 /* signupNav.swift in Sources */ = {isa = PBXBuildFile; fileRef = FF7C443E29F8746A001B9D35 /* signupNav.swift */; };
		FF7C444129F882A2001B9D35 /* tabBarControls.swift in Sources */ = {isa = PBXBuildFile; fileRef = FF7C444029F882A2001B9D35 /* tabBarControls.swift */; };
		FF7C444429F8886F001B9D35 /* feedView.swift in Sources */ = {isa = PBXBuildFile; fileRef = FF7C444329F8886F001B9D35 /* feedView.swift */; };
		FF7C444829F8890E001B9D35 /* bumpView.swift in Sources */ = {isa = PBXBuildFile; fileRef = FF7C444729F8890E001B9D35 /* bumpView.swift */; };
		FF83F1502AA64718004C83D5 /* feedTopCVC.swift in Sources */ = {isa = PBXBuildFile; fileRef = FF83F14F2AA64718004C83D5 /* feedTopCVC.swift */; };
		FF83F1522AA64746004C83D5 /* memoryTopCVC.swift in Sources */ = {isa = PBXBuildFile; fileRef = FF83F1512AA64746004C83D5 /* memoryTopCVC.swift */; };
		FF83F1542AA64784004C83D5 /* friendTopCVC.swift in Sources */ = {isa = PBXBuildFile; fileRef = FF83F1532AA64784004C83D5 /* friendTopCVC.swift */; };
		FF83F1562AA6479E004C83D5 /* friendBumpTVC.swift in Sources */ = {isa = PBXBuildFile; fileRef = FF83F1552AA6479E004C83D5 /* friendBumpTVC.swift */; };
		FF83F1582AA65972004C83D5 /* communityView.swift in Sources */ = {isa = PBXBuildFile; fileRef = FF83F1572AA65972004C83D5 /* communityView.swift */; };
		FF83F15A2AA6598E004C83D5 /* policyView.swift in Sources */ = {isa = PBXBuildFile; fileRef = FF83F1592AA6598E004C83D5 /* policyView.swift */; };
		FF83F15C2AA659A5004C83D5 /* termsView.swift in Sources */ = {isa = PBXBuildFile; fileRef = FF83F15B2AA659A5004C83D5 /* termsView.swift */; };
		FF83F15E2AA65A35004C83D5 /* accountView.swift in Sources */ = {isa = PBXBuildFile; fileRef = FF83F15D2AA65A35004C83D5 /* accountView.swift */; };
		FF9CF3F52A72E9FA003232F4 /* notifyView.swift in Sources */ = {isa = PBXBuildFile; fileRef = FF9CF3F42A72E9FA003232F4 /* notifyView.swift */; };
		FF9CF3F82A72EDB0003232F4 /* settingsTableview.swift in Sources */ = {isa = PBXBuildFile; fileRef = FF9CF3F72A72EDB0003232F4 /* settingsTableview.swift */; };
		FF9CF3FA2A73073E003232F4 /* Settings.swift in Sources */ = {isa = PBXBuildFile; fileRef = FF9CF3F92A73073E003232F4 /* Settings.swift */; };
		FF9CF3FC2A740AFB003232F4 /* privacyTableview.swift in Sources */ = {isa = PBXBuildFile; fileRef = FF9CF3FB2A740AFB003232F4 /* privacyTableview.swift */; };
		FF9CF3FE2A742362003232F4 /* privacyView.swift in Sources */ = {isa = PBXBuildFile; fileRef = FF9CF3FD2A742362003232F4 /* privacyView.swift */; };
		FFA06AB02A3A490800AE9C7F /* AppointmentCell.xib in Resources */ = {isa = PBXBuildFile; fileRef = FFA06AAF2A3A490800AE9C7F /* AppointmentCell.xib */; };
		FFA06AB22A3A4AAA00AE9C7F /* Memories.swift in Sources */ = {isa = PBXBuildFile; fileRef = FFA06AB12A3A4AAA00AE9C7F /* Memories.swift */; };
		FFA06AB42A3A4EDB00AE9C7F /* memoryCell.swift in Sources */ = {isa = PBXBuildFile; fileRef = FFA06AB32A3A4EDB00AE9C7F /* memoryCell.swift */; };
		FFA28BDE2AA2F81800BDF8CA /* usernameView.swift in Sources */ = {isa = PBXBuildFile; fileRef = FFA28BDD2AA2F81800BDF8CA /* usernameView.swift */; };
		FFA28BE02AA2FE6500BDF8CA /* picView.swift in Sources */ = {isa = PBXBuildFile; fileRef = FFA28BDF2AA2FE6500BDF8CA /* picView.swift */; };
		FFAB19652A0ACA2F009384C9 /* CustomizableImageView.swift in Sources */ = {isa = PBXBuildFile; fileRef = FF7C442C29F85224001B9D35 /* CustomizableImageView.swift */; };
		FFAB19662A0ACA32009384C9 /* PlaceholderView.swift in Sources */ = {isa = PBXBuildFile; fileRef = FF7C442D29F85224001B9D35 /* PlaceholderView.swift */; };
		FFAB19672A0ACA35009384C9 /* CustomizableButton.swift in Sources */ = {isa = PBXBuildFile; fileRef = FF7C442E29F85224001B9D35 /* CustomizableButton.swift */; };
		FFAB19682A0ACA39009384C9 /* CustomizableTextField.swift in Sources */ = {isa = PBXBuildFile; fileRef = FF7C442F29F85224001B9D35 /* CustomizableTextField.swift */; };
		FFAB19692A0ACA3D009384C9 /* CustomizableLabel.swift in Sources */ = {isa = PBXBuildFile; fileRef = FF7C443029F85224001B9D35 /* CustomizableLabel.swift */; };
		FFAB196A2A0ACA40009384C9 /* DraggableLabel.swift in Sources */ = {isa = PBXBuildFile; fileRef = FF7C443129F85224001B9D35 /* DraggableLabel.swift */; };
		FFAB196B2A0ACA43009384C9 /* CustomizableView.swift in Sources */ = {isa = PBXBuildFile; fileRef = FF7C443229F85224001B9D35 /* CustomizableView.swift */; };
		FFAB196C2A0ACA47009384C9 /* CustomizableTextView.swift in Sources */ = {isa = PBXBuildFile; fileRef = FF7C443329F85224001B9D35 /* CustomizableTextView.swift */; };
		FFAB196E2A0ACCC5009384C9 /* extentions.swift in Sources */ = {isa = PBXBuildFile; fileRef = FFAB196D2A0ACCC5009384C9 /* extentions.swift */; };
		FFB817462A015AF1008E7E69 /* identityView.swift in Sources */ = {isa = PBXBuildFile; fileRef = FFB817452A015AF1008E7E69 /* identityView.swift */; };
		FFB817482A015B0D008E7E69 /* birthdayView.swift in Sources */ = {isa = PBXBuildFile; fileRef = FFB817472A015B0D008E7E69 /* birthdayView.swift */; };
		FFB8174A2A015B23008E7E69 /* phoneView.swift in Sources */ = {isa = PBXBuildFile; fileRef = FFB817492A015B23008E7E69 /* phoneView.swift */; };
		FFB8174C2A015B43008E7E69 /* verifyView.swift in Sources */ = {isa = PBXBuildFile; fileRef = FFB8174B2A015B43008E7E69 /* verifyView.swift */; };
		FFC773782A93165F00E06F6F /* memoryProfileNav.swift in Sources */ = {isa = PBXBuildFile; fileRef = FFC773772A93165F00E06F6F /* memoryProfileNav.swift */; };
		FFC7737A2A93168F00E06F6F /* memoryProfileTV.swift in Sources */ = {isa = PBXBuildFile; fileRef = FFC773792A93168F00E06F6F /* memoryProfileTV.swift */; };
		FFC7737C2A9316AD00E06F6F /* memoryProfileTVC.swift in Sources */ = {isa = PBXBuildFile; fileRef = FFC7737B2A9316AD00E06F6F /* memoryProfileTVC.swift */; };
		FFDEDE8E2A71B37400E036A9 /* addCVC.swift in Sources */ = {isa = PBXBuildFile; fileRef = FFDEDE8D2A71B37400E036A9 /* addCVC.swift */; };
		FFEB0E3A2A63A6D800F11ECF /* footerTVC.swift in Sources */ = {isa = PBXBuildFile; fileRef = FFEB0E382A63A6D800F11ECF /* footerTVC.swift */; };
		FFEB0E3B2A63A6D800F11ECF /* footerTVC.xib in Resources */ = {isa = PBXBuildFile; fileRef = FFEB0E392A63A6D800F11ECF /* footerTVC.xib */; };
		FFEB0E3D2A63AF2900F11ECF /* memoryPhoto.swift in Sources */ = {isa = PBXBuildFile; fileRef = FFEB0E3C2A63AF2900F11ECF /* memoryPhoto.swift */; };
		FFEB0E3F2A63B2FD00F11ECF /* friendProfileTV.swift in Sources */ = {isa = PBXBuildFile; fileRef = FFEB0E3E2A63B2FD00F11ECF /* friendProfileTV.swift */; };
		FFEB0E412A63BB7C00F11ECF /* friendProfileNav.swift in Sources */ = {isa = PBXBuildFile; fileRef = FFEB0E402A63BB7C00F11ECF /* friendProfileNav.swift */; };
		FFEBB79E2A4DC81F00F2A18E /* bumpMapView.swift in Sources */ = {isa = PBXBuildFile; fileRef = FFEBB79D2A4DC81F00F2A18E /* bumpMapView.swift */; };
/* End PBXBuildFile section */

/* Begin PBXContainerItemProxy section */
		FF7C440B29F836BB001B9D35 /* PBXContainerItemProxy */ = {
			isa = PBXContainerItemProxy;
			containerPortal = FF7C43EC29F836B8001B9D35 /* Project object */;
			proxyType = 1;
			remoteGlobalIDString = FF7C43F329F836B8001B9D35;
			remoteInfo = bumpd;
		};
		FF7C441529F836BB001B9D35 /* PBXContainerItemProxy */ = {
			isa = PBXContainerItemProxy;
			containerPortal = FF7C43EC29F836B8001B9D35 /* Project object */;
			proxyType = 1;
			remoteGlobalIDString = FF7C43F329F836B8001B9D35;
			remoteInfo = bumpd;
		};
/* End PBXContainerItemProxy section */

/* Begin PBXFileReference section */
		08A250261B09EEAAFF73631E /* Pods-bumpd-bumpdUITests.release.xcconfig */ = {isa = PBXFileReference; includeInIndex = 1; lastKnownFileType = text.xcconfig; name = "Pods-bumpd-bumpdUITests.release.xcconfig"; path = "Target Support Files/Pods-bumpd-bumpdUITests/Pods-bumpd-bumpdUITests.release.xcconfig"; sourceTree = "<group>"; };
		46A7FCD9DBB664F8289522F3 /* Pods_bumpdTests.framework */ = {isa = PBXFileReference; explicitFileType = wrapper.framework; includeInIndex = 0; path = Pods_bumpdTests.framework; sourceTree = BUILT_PRODUCTS_DIR; };
		4776CB74F0ECF74C33D6314C /* Pods-bumpdTests.release.xcconfig */ = {isa = PBXFileReference; includeInIndex = 1; lastKnownFileType = text.xcconfig; name = "Pods-bumpdTests.release.xcconfig"; path = "Target Support Files/Pods-bumpdTests/Pods-bumpdTests.release.xcconfig"; sourceTree = "<group>"; };
		4BD88B5BBE8E7658A919F2CF /* Pods-bumpdTests.debug.xcconfig */ = {isa = PBXFileReference; includeInIndex = 1; lastKnownFileType = text.xcconfig; name = "Pods-bumpdTests.debug.xcconfig"; path = "Target Support Files/Pods-bumpdTests/Pods-bumpdTests.debug.xcconfig"; sourceTree = "<group>"; };
		511C04442C3478C00038601A /* GoogleService-Info.plist */ = {isa = PBXFileReference; fileEncoding = 4; lastKnownFileType = text.plist.xml; path = "GoogleService-Info.plist"; sourceTree = "<group>"; };
		87461EFC1B482F88530FF380 /* Pods_bumpd_bumpdUITests.framework */ = {isa = PBXFileReference; explicitFileType = wrapper.framework; includeInIndex = 0; path = Pods_bumpd_bumpdUITests.framework; sourceTree = BUILT_PRODUCTS_DIR; };
		8A7B7C1547B14AC85524E161 /* Pods_bumpd.framework */ = {isa = PBXFileReference; explicitFileType = wrapper.framework; includeInIndex = 0; path = Pods_bumpd.framework; sourceTree = BUILT_PRODUCTS_DIR; };
		AB3C17B02182F19DFA1AEDD1 /* Pods-bumpd.release.xcconfig */ = {isa = PBXFileReference; includeInIndex = 1; lastKnownFileType = text.xcconfig; name = "Pods-bumpd.release.xcconfig"; path = "Target Support Files/Pods-bumpd/Pods-bumpd.release.xcconfig"; sourceTree = "<group>"; };
		B82DAB37A2848FFAED544C12 /* Pods-bumpd.debug.xcconfig */ = {isa = PBXFileReference; includeInIndex = 1; lastKnownFileType = text.xcconfig; name = "Pods-bumpd.debug.xcconfig"; path = "Target Support Files/Pods-bumpd/Pods-bumpd.debug.xcconfig"; sourceTree = "<group>"; };
		E4B4D6384C7FB9D69D1C00A1 /* Pods-bumpd-bumpdUITests.debug.xcconfig */ = {isa = PBXFileReference; includeInIndex = 1; lastKnownFileType = text.xcconfig; name = "Pods-bumpd-bumpdUITests.debug.xcconfig"; path = "Target Support Files/Pods-bumpd-bumpdUITests/Pods-bumpd-bumpdUITests.debug.xcconfig"; sourceTree = "<group>"; };
		F29E6BBA2C3CEC3E00A3B2C1 /* OptionsView.xib */ = {isa = PBXFileReference; lastKnownFileType = file.xib; path = OptionsView.xib; sourceTree = "<group>"; };
		F29E6BBE2C3CED2A00A3B2C1 /* OptionsView.swift */ = {isa = PBXFileReference; lastKnownFileType = sourcecode.swift; path = OptionsView.swift; sourceTree = "<group>"; };
		F29E6BC52C3DFCDA00A3B2C1 /* BottomSheetViewController.xib */ = {isa = PBXFileReference; fileEncoding = 4; lastKnownFileType = file.xib; path = BottomSheetViewController.xib; sourceTree = "<group>"; };
		F29E6BC62C3DFCDB00A3B2C1 /* BottomSheetViewController.swift */ = {isa = PBXFileReference; fileEncoding = 4; lastKnownFileType = sourcecode.swift; path = BottomSheetViewController.swift; sourceTree = "<group>"; };
		FF037FD22A7191AE00182513 /* notifyViewTV.swift */ = {isa = PBXFileReference; lastKnownFileType = sourcecode.swift; path = notifyViewTV.swift; sourceTree = "<group>"; };
		FF037FD42A7192E400182513 /* Notify.swift */ = {isa = PBXFileReference; lastKnownFileType = sourcecode.swift; path = Notify.swift; sourceTree = "<group>"; };
		FF037FD62A71940300182513 /* notifyCell.swift */ = {isa = PBXFileReference; lastKnownFileType = sourcecode.swift; path = notifyCell.swift; sourceTree = "<group>"; };
		FF037FD82A71942100182513 /* acceptCell.swift */ = {isa = PBXFileReference; lastKnownFileType = sourcecode.swift; path = acceptCell.swift; sourceTree = "<group>"; };
		FF0A453E2AB236B700CB6AA5 /* allBumpersTV.swift */ = {isa = PBXFileReference; lastKnownFileType = sourcecode.swift; path = allBumpersTV.swift; sourceTree = "<group>"; };
		FF0A45402AB236CE00CB6AA5 /* allTVC.swift */ = {isa = PBXFileReference; lastKnownFileType = sourcecode.swift; path = allTVC.swift; sourceTree = "<group>"; };
		FF0B43F22B6AEA6000A8B87E /* RefreshButton.swift */ = {isa = PBXFileReference; lastKnownFileType = sourcecode.swift; path = RefreshButton.swift; sourceTree = "<group>"; };
		FF10E8F62A1D49D700ED1517 /* ConciergeView.swift */ = {isa = PBXFileReference; lastKnownFileType = sourcecode.swift; path = ConciergeView.swift; sourceTree = "<group>"; };
		FF135DF92A5F037D00B8639E /* profileTableview.swift */ = {isa = PBXFileReference; lastKnownFileType = sourcecode.swift; path = profileTableview.swift; sourceTree = "<group>"; };
		FF135DFB2A5F089300B8639E /* memoriesTableview.swift */ = {isa = PBXFileReference; lastKnownFileType = sourcecode.swift; path = memoriesTableview.swift; sourceTree = "<group>"; };
		FF135DFF2A6102C900B8639E /* Comments.swift */ = {isa = PBXFileReference; lastKnownFileType = sourcecode.swift; path = Comments.swift; sourceTree = "<group>"; };
		FF135E012A6103FE00B8639E /* commentTVC.swift */ = {isa = PBXFileReference; lastKnownFileType = sourcecode.swift; path = commentTVC.swift; sourceTree = "<group>"; };
		FF135E022A6103FE00B8639E /* commentTVC.xib */ = {isa = PBXFileReference; lastKnownFileType = file.xib; path = commentTVC.xib; sourceTree = "<group>"; };
		FF2C4FAA2A90037000631300 /* feedProfileTVC.swift */ = {isa = PBXFileReference; lastKnownFileType = sourcecode.swift; path = feedProfileTVC.swift; sourceTree = "<group>"; };
		FF2D48322A20EC4400B27FE6 /* likeCVC.swift */ = {isa = PBXFileReference; lastKnownFileType = sourcecode.swift; path = likeCVC.swift; sourceTree = "<group>"; };
		FF2D48342A20EC9E00B27FE6 /* moreCVC.swift */ = {isa = PBXFileReference; lastKnownFileType = sourcecode.swift; path = moreCVC.swift; sourceTree = "<group>"; };
		FF2F0CD02A61EE79002442BF /* memoryDetailsView.swift */ = {isa = PBXFileReference; lastKnownFileType = sourcecode.swift; path = memoryDetailsView.swift; sourceTree = "<group>"; };
		FF2F0CD22A61EFDD002442BF /* memoryDetailsTV.swift */ = {isa = PBXFileReference; lastKnownFileType = sourcecode.swift; path = memoryDetailsTV.swift; sourceTree = "<group>"; };
		FF2F0CD42A61F079002442BF /* memoryMap.swift */ = {isa = PBXFileReference; lastKnownFileType = sourcecode.swift; path = memoryMap.swift; sourceTree = "<group>"; };
		FF32811E2A3117A3009BBE01 /* Bumpers.swift */ = {isa = PBXFileReference; lastKnownFileType = sourcecode.swift; path = Bumpers.swift; sourceTree = "<group>"; };
		FF3281202A312001009BBE01 /* topCVC.swift */ = {isa = PBXFileReference; lastKnownFileType = sourcecode.swift; path = topCVC.swift; sourceTree = "<group>"; };
		FF3281222A312014009BBE01 /* bumpTVC.swift */ = {isa = PBXFileReference; lastKnownFileType = sourcecode.swift; path = bumpTVC.swift; sourceTree = "<group>"; };
		FF3EBA012A0A10B900B4E6AE /* Config.plist */ = {isa = PBXFileReference; fileEncoding = 4; lastKnownFileType = text.plist.xml; path = Config.plist; sourceTree = "<group>"; };
		FF3EBA032A0A10C600B4E6AE /* verifyAPI.swift */ = {isa = PBXFileReference; fileEncoding = 4; lastKnownFileType = sourcecode.swift; path = verifyAPI.swift; sourceTree = "<group>"; };
		FF3EBA052A0A1A9F00B4E6AE /* verifyNav.swift */ = {isa = PBXFileReference; lastKnownFileType = sourcecode.swift; path = verifyNav.swift; sourceTree = "<group>"; };
		FF3EBA072A0AB08800B4E6AE /* dataStructures.swift */ = {isa = PBXFileReference; lastKnownFileType = sourcecode.swift; path = dataStructures.swift; sourceTree = "<group>"; };
		FF3EBA092A0AB10E00B4E6AE /* requestHelper.swift */ = {isa = PBXFileReference; lastKnownFileType = sourcecode.swift; path = requestHelper.swift; sourceTree = "<group>"; };
		FF3EBA0B2A0AC28B00B4E6AE /* feedCell.swift */ = {isa = PBXFileReference; lastKnownFileType = sourcecode.swift; path = feedCell.swift; sourceTree = "<group>"; };
		FF3EBA0E2A0AC31F00B4E6AE /* Bumps.swift */ = {isa = PBXFileReference; lastKnownFileType = sourcecode.swift; path = Bumps.swift; sourceTree = "<group>"; };
		FF3EBA102A0AC33300B4E6AE /* Feed.swift */ = {isa = PBXFileReference; lastKnownFileType = sourcecode.swift; path = Feed.swift; sourceTree = "<group>"; };
		FF3EBA132A0AC46E00B4E6AE /* Users.swift */ = {isa = PBXFileReference; lastKnownFileType = sourcecode.swift; path = Users.swift; sourceTree = "<group>"; };
		FF3EBA152A0AC4CB00B4E6AE /* Likes.swift */ = {isa = PBXFileReference; lastKnownFileType = sourcecode.swift; path = Likes.swift; sourceTree = "<group>"; };
		FF4C4F982A02E06500B83FAF /* googleView.swift */ = {isa = PBXFileReference; fileEncoding = 4; lastKnownFileType = sourcecode.swift; path = googleView.swift; sourceTree = "<group>"; };
		FF679A3D2A8E723B00F4BA0F /* bumpDetailsView.swift */ = {isa = PBXFileReference; lastKnownFileType = sourcecode.swift; path = bumpDetailsView.swift; sourceTree = "<group>"; };
		FF679A3F2A8E731700F4BA0F /* bumpDetailsTV.swift */ = {isa = PBXFileReference; lastKnownFileType = sourcecode.swift; path = bumpDetailsTV.swift; sourceTree = "<group>"; };
		FF679A412A8E73C000F4BA0F /* bumpMap.swift */ = {isa = PBXFileReference; lastKnownFileType = sourcecode.swift; path = bumpMap.swift; sourceTree = "<group>"; };
		FF679A432A8E73D100F4BA0F /* bumpPhoto.swift */ = {isa = PBXFileReference; lastKnownFileType = sourcecode.swift; path = bumpPhoto.swift; sourceTree = "<group>"; };
		FF679A452A8E9C7D00F4BA0F /* confirmView.swift */ = {isa = PBXFileReference; lastKnownFileType = sourcecode.swift; path = confirmView.swift; sourceTree = "<group>"; };
		FF679A472A8F039600F4BA0F /* feedProfileNav.swift */ = {isa = PBXFileReference; lastKnownFileType = sourcecode.swift; path = feedProfileNav.swift; sourceTree = "<group>"; };
		FF679A492A8F03E200F4BA0F /* feedProfileTV.swift */ = {isa = PBXFileReference; lastKnownFileType = sourcecode.swift; path = feedProfileTV.swift; sourceTree = "<group>"; };
		FF6A24F02A1D5A5900D74339 /* feedDetailsView.swift */ = {isa = PBXFileReference; lastKnownFileType = sourcecode.swift; path = feedDetailsView.swift; sourceTree = "<group>"; };
		FF6A24F22A1D615100D74339 /* style.json */ = {isa = PBXFileReference; fileEncoding = 4; lastKnownFileType = text.json; path = style.json; sourceTree = "<group>"; };
		FF6A24F42A1D634800D74339 /* bumpd.entitlements */ = {isa = PBXFileReference; lastKnownFileType = text.plist.entitlements; path = bumpd.entitlements; sourceTree = "<group>"; };
		FF6A24F52A1D648200D74339 /* mapView.swift */ = {isa = PBXFileReference; lastKnownFileType = sourcecode.swift; path = mapView.swift; sourceTree = "<group>"; };
		FF6A24F72A1D65D500D74339 /* PushNotificationSender.swift */ = {isa = PBXFileReference; lastKnownFileType = sourcecode.swift; path = PushNotificationSender.swift; sourceTree = "<group>"; };
		FF6A24F82A1D65D600D74339 /* PushNotificationManager.swift */ = {isa = PBXFileReference; lastKnownFileType = sourcecode.swift; path = PushNotificationManager.swift; sourceTree = "<group>"; };
		FF7C43F429F836B8001B9D35 /* bumpd.app */ = {isa = PBXFileReference; explicitFileType = wrapper.application; includeInIndex = 0; path = bumpd.app; sourceTree = BUILT_PRODUCTS_DIR; };
		FF7C43F729F836B8001B9D35 /* AppDelegate.swift */ = {isa = PBXFileReference; lastKnownFileType = sourcecode.swift; path = AppDelegate.swift; sourceTree = "<group>"; };
		FF7C43F929F836B8001B9D35 /* SceneDelegate.swift */ = {isa = PBXFileReference; lastKnownFileType = sourcecode.swift; path = SceneDelegate.swift; sourceTree = "<group>"; };
		FF7C43FE29F836B8001B9D35 /* Base */ = {isa = PBXFileReference; lastKnownFileType = file.storyboard; name = Base; path = Base.lproj/Main.storyboard; sourceTree = "<group>"; };
		FF7C440029F836BB001B9D35 /* Assets.xcassets */ = {isa = PBXFileReference; lastKnownFileType = folder.assetcatalog; path = Assets.xcassets; sourceTree = "<group>"; };
		FF7C440329F836BB001B9D35 /* Base */ = {isa = PBXFileReference; lastKnownFileType = file.storyboard; name = Base; path = Base.lproj/LaunchScreen.storyboard; sourceTree = "<group>"; };
		FF7C440529F836BB001B9D35 /* Info.plist */ = {isa = PBXFileReference; lastKnownFileType = text.plist.xml; path = Info.plist; sourceTree = "<group>"; };
		FF7C440A29F836BB001B9D35 /* bumpdTests.xctest */ = {isa = PBXFileReference; explicitFileType = wrapper.cfbundle; includeInIndex = 0; path = bumpdTests.xctest; sourceTree = BUILT_PRODUCTS_DIR; };
		FF7C440E29F836BB001B9D35 /* bumpdTests.swift */ = {isa = PBXFileReference; lastKnownFileType = sourcecode.swift; path = bumpdTests.swift; sourceTree = "<group>"; };
		FF7C441429F836BB001B9D35 /* bumpdUITests.xctest */ = {isa = PBXFileReference; explicitFileType = wrapper.cfbundle; includeInIndex = 0; path = bumpdUITests.xctest; sourceTree = BUILT_PRODUCTS_DIR; };
		FF7C441829F836BB001B9D35 /* bumpdUITests.swift */ = {isa = PBXFileReference; lastKnownFileType = sourcecode.swift; path = bumpdUITests.swift; sourceTree = "<group>"; };
		FF7C441A29F836BB001B9D35 /* bumpdUITestsLaunchTests.swift */ = {isa = PBXFileReference; lastKnownFileType = sourcecode.swift; path = bumpdUITestsLaunchTests.swift; sourceTree = "<group>"; };
		FF7C442929F84DB8001B9D35 /* poppins */ = {isa = PBXFileReference; lastKnownFileType = folder; path = poppins; sourceTree = "<group>"; };
		FF7C442C29F85224001B9D35 /* CustomizableImageView.swift */ = {isa = PBXFileReference; lastKnownFileType = sourcecode.swift; path = CustomizableImageView.swift; sourceTree = "<group>"; };
		FF7C442D29F85224001B9D35 /* PlaceholderView.swift */ = {isa = PBXFileReference; lastKnownFileType = sourcecode.swift; path = PlaceholderView.swift; sourceTree = "<group>"; };
		FF7C442E29F85224001B9D35 /* CustomizableButton.swift */ = {isa = PBXFileReference; lastKnownFileType = sourcecode.swift; path = CustomizableButton.swift; sourceTree = "<group>"; };
		FF7C442F29F85224001B9D35 /* CustomizableTextField.swift */ = {isa = PBXFileReference; lastKnownFileType = sourcecode.swift; path = CustomizableTextField.swift; sourceTree = "<group>"; };
		FF7C443029F85224001B9D35 /* CustomizableLabel.swift */ = {isa = PBXFileReference; lastKnownFileType = sourcecode.swift; path = CustomizableLabel.swift; sourceTree = "<group>"; };
		FF7C443129F85224001B9D35 /* DraggableLabel.swift */ = {isa = PBXFileReference; lastKnownFileType = sourcecode.swift; path = DraggableLabel.swift; sourceTree = "<group>"; };
		FF7C443229F85224001B9D35 /* CustomizableView.swift */ = {isa = PBXFileReference; lastKnownFileType = sourcecode.swift; path = CustomizableView.swift; sourceTree = "<group>"; };
		FF7C443329F85224001B9D35 /* CustomizableTextView.swift */ = {isa = PBXFileReference; lastKnownFileType = sourcecode.swift; path = CustomizableTextView.swift; sourceTree = "<group>"; };
		FF7C443429F866B5001B9D35 /* landingView.swift */ = {isa = PBXFileReference; lastKnownFileType = sourcecode.swift; path = landingView.swift; sourceTree = "<group>"; };
		FF7C443629F867E5001B9D35 /* signupView.swift */ = {isa = PBXFileReference; lastKnownFileType = sourcecode.swift; path = signupView.swift; sourceTree = "<group>"; };
		FF7C443829F86816001B9D35 /* loginView.swift */ = {isa = PBXFileReference; lastKnownFileType = sourcecode.swift; path = loginView.swift; sourceTree = "<group>"; };
		FF7C443C29F87439001B9D35 /* loginNav.swift */ = {isa = PBXFileReference; lastKnownFileType = sourcecode.swift; path = loginNav.swift; sourceTree = "<group>"; };
		FF7C443E29F8746A001B9D35 /* signupNav.swift */ = {isa = PBXFileReference; lastKnownFileType = sourcecode.swift; path = signupNav.swift; sourceTree = "<group>"; };
		FF7C444029F882A2001B9D35 /* tabBarControls.swift */ = {isa = PBXFileReference; lastKnownFileType = sourcecode.swift; path = tabBarControls.swift; sourceTree = "<group>"; };
		FF7C444329F8886F001B9D35 /* feedView.swift */ = {isa = PBXFileReference; lastKnownFileType = sourcecode.swift; path = feedView.swift; sourceTree = "<group>"; };
		FF7C444729F8890E001B9D35 /* bumpView.swift */ = {isa = PBXFileReference; lastKnownFileType = sourcecode.swift; path = bumpView.swift; sourceTree = "<group>"; };
		FF83F14F2AA64718004C83D5 /* feedTopCVC.swift */ = {isa = PBXFileReference; lastKnownFileType = sourcecode.swift; path = feedTopCVC.swift; sourceTree = "<group>"; };
		FF83F1512AA64746004C83D5 /* memoryTopCVC.swift */ = {isa = PBXFileReference; lastKnownFileType = sourcecode.swift; path = memoryTopCVC.swift; sourceTree = "<group>"; };
		FF83F1532AA64784004C83D5 /* friendTopCVC.swift */ = {isa = PBXFileReference; lastKnownFileType = sourcecode.swift; path = friendTopCVC.swift; sourceTree = "<group>"; };
		FF83F1552AA6479E004C83D5 /* friendBumpTVC.swift */ = {isa = PBXFileReference; lastKnownFileType = sourcecode.swift; path = friendBumpTVC.swift; sourceTree = "<group>"; };
		FF83F1572AA65972004C83D5 /* communityView.swift */ = {isa = PBXFileReference; lastKnownFileType = sourcecode.swift; path = communityView.swift; sourceTree = "<group>"; };
		FF83F1592AA6598E004C83D5 /* policyView.swift */ = {isa = PBXFileReference; lastKnownFileType = sourcecode.swift; path = policyView.swift; sourceTree = "<group>"; };
		FF83F15B2AA659A5004C83D5 /* termsView.swift */ = {isa = PBXFileReference; lastKnownFileType = sourcecode.swift; path = termsView.swift; sourceTree = "<group>"; };
		FF83F15D2AA65A35004C83D5 /* accountView.swift */ = {isa = PBXFileReference; lastKnownFileType = sourcecode.swift; path = accountView.swift; sourceTree = "<group>"; };
		FF9CF3F42A72E9FA003232F4 /* notifyView.swift */ = {isa = PBXFileReference; lastKnownFileType = sourcecode.swift; path = notifyView.swift; sourceTree = "<group>"; };
		FF9CF3F72A72EDB0003232F4 /* settingsTableview.swift */ = {isa = PBXFileReference; lastKnownFileType = sourcecode.swift; path = settingsTableview.swift; sourceTree = "<group>"; };
		FF9CF3F92A73073E003232F4 /* Settings.swift */ = {isa = PBXFileReference; lastKnownFileType = sourcecode.swift; path = Settings.swift; sourceTree = "<group>"; };
		FF9CF3FB2A740AFB003232F4 /* privacyTableview.swift */ = {isa = PBXFileReference; lastKnownFileType = sourcecode.swift; path = privacyTableview.swift; sourceTree = "<group>"; };
		FF9CF3FD2A742362003232F4 /* privacyView.swift */ = {isa = PBXFileReference; lastKnownFileType = sourcecode.swift; path = privacyView.swift; sourceTree = "<group>"; };
		FFA06AAF2A3A490800AE9C7F /* AppointmentCell.xib */ = {isa = PBXFileReference; fileEncoding = 4; lastKnownFileType = file.xib; path = AppointmentCell.xib; sourceTree = "<group>"; };
		FFA06AB12A3A4AAA00AE9C7F /* Memories.swift */ = {isa = PBXFileReference; lastKnownFileType = sourcecode.swift; path = Memories.swift; sourceTree = "<group>"; };
		FFA06AB32A3A4EDB00AE9C7F /* memoryCell.swift */ = {isa = PBXFileReference; lastKnownFileType = sourcecode.swift; path = memoryCell.swift; sourceTree = "<group>"; };
		FFA28BDD2AA2F81800BDF8CA /* usernameView.swift */ = {isa = PBXFileReference; lastKnownFileType = sourcecode.swift; path = usernameView.swift; sourceTree = "<group>"; };
		FFA28BDF2AA2FE6500BDF8CA /* picView.swift */ = {isa = PBXFileReference; lastKnownFileType = sourcecode.swift; path = picView.swift; sourceTree = "<group>"; };
		FFAB196D2A0ACCC5009384C9 /* extentions.swift */ = {isa = PBXFileReference; lastKnownFileType = sourcecode.swift; path = extentions.swift; sourceTree = "<group>"; };
		FFB817452A015AF1008E7E69 /* identityView.swift */ = {isa = PBXFileReference; lastKnownFileType = sourcecode.swift; path = identityView.swift; sourceTree = "<group>"; };
		FFB817472A015B0D008E7E69 /* birthdayView.swift */ = {isa = PBXFileReference; lastKnownFileType = sourcecode.swift; path = birthdayView.swift; sourceTree = "<group>"; };
		FFB817492A015B23008E7E69 /* phoneView.swift */ = {isa = PBXFileReference; lastKnownFileType = sourcecode.swift; path = phoneView.swift; sourceTree = "<group>"; };
		FFB8174B2A015B43008E7E69 /* verifyView.swift */ = {isa = PBXFileReference; lastKnownFileType = sourcecode.swift; path = verifyView.swift; sourceTree = "<group>"; };
		FFB8174D2A0194F6008E7E69 /* SinchVerification.framework */ = {isa = PBXFileReference; explicitFileType = wrapper.framework; path = SinchVerification.framework; sourceTree = BUILT_PRODUCTS_DIR; };
		FFC773772A93165F00E06F6F /* memoryProfileNav.swift */ = {isa = PBXFileReference; lastKnownFileType = sourcecode.swift; path = memoryProfileNav.swift; sourceTree = "<group>"; };
		FFC773792A93168F00E06F6F /* memoryProfileTV.swift */ = {isa = PBXFileReference; lastKnownFileType = sourcecode.swift; path = memoryProfileTV.swift; sourceTree = "<group>"; };
		FFC7737B2A9316AD00E06F6F /* memoryProfileTVC.swift */ = {isa = PBXFileReference; lastKnownFileType = sourcecode.swift; path = memoryProfileTVC.swift; sourceTree = "<group>"; };
		FFDEDE8D2A71B37400E036A9 /* addCVC.swift */ = {isa = PBXFileReference; lastKnownFileType = sourcecode.swift; path = addCVC.swift; sourceTree = "<group>"; };
		FFEB0E382A63A6D800F11ECF /* footerTVC.swift */ = {isa = PBXFileReference; lastKnownFileType = sourcecode.swift; path = footerTVC.swift; sourceTree = "<group>"; };
		FFEB0E392A63A6D800F11ECF /* footerTVC.xib */ = {isa = PBXFileReference; lastKnownFileType = file.xib; path = footerTVC.xib; sourceTree = "<group>"; };
		FFEB0E3C2A63AF2900F11ECF /* memoryPhoto.swift */ = {isa = PBXFileReference; lastKnownFileType = sourcecode.swift; path = memoryPhoto.swift; sourceTree = "<group>"; };
		FFEB0E3E2A63B2FD00F11ECF /* friendProfileTV.swift */ = {isa = PBXFileReference; lastKnownFileType = sourcecode.swift; path = friendProfileTV.swift; sourceTree = "<group>"; };
		FFEB0E402A63BB7C00F11ECF /* friendProfileNav.swift */ = {isa = PBXFileReference; lastKnownFileType = sourcecode.swift; path = friendProfileNav.swift; sourceTree = "<group>"; };
		FFEBB79D2A4DC81F00F2A18E /* bumpMapView.swift */ = {isa = PBXFileReference; lastKnownFileType = sourcecode.swift; path = bumpMapView.swift; sourceTree = "<group>"; };
/* End PBXFileReference section */

/* Begin PBXFrameworksBuildPhase section */
		FF7C43F129F836B8001B9D35 /* Frameworks */ = {
			isa = PBXFrameworksBuildPhase;
			buildActionMask = 2147483647;
			files = (
				AAEF0C150C48D34DA309A619 /* Pods_bumpd.framework in Frameworks */,
			);
			runOnlyForDeploymentPostprocessing = 0;
		};
		FF7C440729F836BB001B9D35 /* Frameworks */ = {
			isa = PBXFrameworksBuildPhase;
			buildActionMask = 2147483647;
			files = (
				46AD61210CEF0A03F245401D /* Pods_bumpdTests.framework in Frameworks */,
			);
			runOnlyForDeploymentPostprocessing = 0;
		};
		FF7C441129F836BB001B9D35 /* Frameworks */ = {
			isa = PBXFrameworksBuildPhase;
			buildActionMask = 2147483647;
			files = (
				011A06F68E27568B85744AC7 /* Pods_bumpd_bumpdUITests.framework in Frameworks */,
			);
			runOnlyForDeploymentPostprocessing = 0;
		};
/* End PBXFrameworksBuildPhase section */

/* Begin PBXGroup section */
		211ABDAD53C61478AF98D51C /* Pods */ = {
			isa = PBXGroup;
			children = (
				B82DAB37A2848FFAED544C12 /* Pods-bumpd.debug.xcconfig */,
				AB3C17B02182F19DFA1AEDD1 /* Pods-bumpd.release.xcconfig */,
				E4B4D6384C7FB9D69D1C00A1 /* Pods-bumpd-bumpdUITests.debug.xcconfig */,
				08A250261B09EEAAFF73631E /* Pods-bumpd-bumpdUITests.release.xcconfig */,
				4BD88B5BBE8E7658A919F2CF /* Pods-bumpdTests.debug.xcconfig */,
				4776CB74F0ECF74C33D6314C /* Pods-bumpdTests.release.xcconfig */,
			);
			path = Pods;
			sourceTree = "<group>";
		};
		C500F00A3DA90A11B64F2B38 /* Frameworks */ = {
			isa = PBXGroup;
			children = (
				FFB8174D2A0194F6008E7E69 /* SinchVerification.framework */,
				8A7B7C1547B14AC85524E161 /* Pods_bumpd.framework */,
				87461EFC1B482F88530FF380 /* Pods_bumpd_bumpdUITests.framework */,
				46A7FCD9DBB664F8289522F3 /* Pods_bumpdTests.framework */,
			);
			name = Frameworks;
			sourceTree = "<group>";
		};
		F29E6BC42C3DFCC700A3B2C1 /* Modal */ = {
			isa = PBXGroup;
			children = (
				F29E6BC62C3DFCDB00A3B2C1 /* BottomSheetViewController.swift */,
				F29E6BC52C3DFCDA00A3B2C1 /* BottomSheetViewController.xib */,
			);
			path = Modal;
			sourceTree = "<group>";
		};
		FF3EBA0D2A0AC30100B4E6AE /* Classes */ = {
			isa = PBXGroup;
			children = (
				FF3EBA0E2A0AC31F00B4E6AE /* Bumps.swift */,
				FF32811E2A3117A3009BBE01 /* Bumpers.swift */,
				FF135DFF2A6102C900B8639E /* Comments.swift */,
				FF3EBA102A0AC33300B4E6AE /* Feed.swift */,
				FF3EBA152A0AC4CB00B4E6AE /* Likes.swift */,
				FFA06AB12A3A4AAA00AE9C7F /* Memories.swift */,
				FF037FD42A7192E400182513 /* Notify.swift */,
				FF9CF3F92A73073E003232F4 /* Settings.swift */,
				FF3EBA132A0AC46E00B4E6AE /* Users.swift */,
			);
			path = Classes;
			sourceTree = "<group>";
		};
		FF7C43EB29F836B8001B9D35 = {
			isa = PBXGroup;
			children = (
				FF7C43F629F836B8001B9D35 /* bumpd */,
				FF7C440D29F836BB001B9D35 /* bumpdTests */,
				FF7C441729F836BB001B9D35 /* bumpdUITests */,
				FF7C43F529F836B8001B9D35 /* Products */,
				211ABDAD53C61478AF98D51C /* Pods */,
				C500F00A3DA90A11B64F2B38 /* Frameworks */,
			);
			sourceTree = "<group>";
		};
		FF7C43F529F836B8001B9D35 /* Products */ = {
			isa = PBXGroup;
			children = (
				FF7C43F429F836B8001B9D35 /* bumpd.app */,
				FF7C440A29F836BB001B9D35 /* bumpdTests.xctest */,
				FF7C441429F836BB001B9D35 /* bumpdUITests.xctest */,
			);
			name = Products;
			sourceTree = "<group>";
		};
		FF7C43F629F836B8001B9D35 /* bumpd */ = {
			isa = PBXGroup;
			children = (
				FF6A24F42A1D634800D74339 /* bumpd.entitlements */,
				FF7C440029F836BB001B9D35 /* Assets.xcassets */,
				FF7C43F729F836B8001B9D35 /* AppDelegate.swift */,
				FF7C43F929F836B8001B9D35 /* SceneDelegate.swift */,
				FF7C440229F836BB001B9D35 /* LaunchScreen.storyboard */,
				FF7C43FD29F836B8001B9D35 /* Main.storyboard */,
				FFA06AAF2A3A490800AE9C7F /* AppointmentCell.xib */,
				FF135E022A6103FE00B8639E /* commentTVC.xib */,
				FFEB0E392A63A6D800F11ECF /* footerTVC.xib */,
				FFB8173E2A0159EA008E7E69 /* Onboarding */,
				FFB817442A015A4D008E7E69 /* Main Views */,
				FF3EBA0D2A0AC30100B4E6AE /* Classes */,
				FF7C442B29F85224001B9D35 /* Customizables */,
				FF7C444229F882B9001B9D35 /* Helpers */,
				FF7C442929F84DB8001B9D35 /* poppins */,
				FF3EBA012A0A10B900B4E6AE /* Config.plist */,
				FF7C440529F836BB001B9D35 /* Info.plist */,
				511C04442C3478C00038601A /* GoogleService-Info.plist */,
				FF6A24F22A1D615100D74339 /* style.json */,
			);
			path = bumpd;
			sourceTree = "<group>";
		};
		FF7C440D29F836BB001B9D35 /* bumpdTests */ = {
			isa = PBXGroup;
			children = (
				FF7C440E29F836BB001B9D35 /* bumpdTests.swift */,
			);
			path = bumpdTests;
			sourceTree = "<group>";
		};
		FF7C441729F836BB001B9D35 /* bumpdUITests */ = {
			isa = PBXGroup;
			children = (
				FF7C441829F836BB001B9D35 /* bumpdUITests.swift */,
				FF7C441A29F836BB001B9D35 /* bumpdUITestsLaunchTests.swift */,
			);
			path = bumpdUITests;
			sourceTree = "<group>";
		};
		FF7C442B29F85224001B9D35 /* Customizables */ = {
			isa = PBXGroup;
			children = (
				F29E6BC42C3DFCC700A3B2C1 /* Modal */,
				F29E6BBE2C3CED2A00A3B2C1 /* OptionsView.swift */,
				F29E6BBA2C3CEC3E00A3B2C1 /* OptionsView.xib */,
				FF7C442C29F85224001B9D35 /* CustomizableImageView.swift */,
				FF7C442D29F85224001B9D35 /* PlaceholderView.swift */,
				FF7C442E29F85224001B9D35 /* CustomizableButton.swift */,
				FF7C442F29F85224001B9D35 /* CustomizableTextField.swift */,
				FF7C443029F85224001B9D35 /* CustomizableLabel.swift */,
				FF7C443129F85224001B9D35 /* DraggableLabel.swift */,
				FF7C443229F85224001B9D35 /* CustomizableView.swift */,
				FF7C443329F85224001B9D35 /* CustomizableTextView.swift */,
				FF0B43F22B6AEA6000A8B87E /* RefreshButton.swift */,
			);
			path = Customizables;
			sourceTree = "<group>";
		};
		FF7C444229F882B9001B9D35 /* Helpers */ = {
			isa = PBXGroup;
			children = (
				FF3EBA072A0AB08800B4E6AE /* dataStructures.swift */,
				FFAB196D2A0ACCC5009384C9 /* extentions.swift */,
				FF6A24F82A1D65D600D74339 /* PushNotificationManager.swift */,
				FF6A24F72A1D65D500D74339 /* PushNotificationSender.swift */,
				FF3EBA092A0AB10E00B4E6AE /* requestHelper.swift */,
				FF7C444029F882A2001B9D35 /* tabBarControls.swift */,
				FF3EBA032A0A10C600B4E6AE /* verifyAPI.swift */,
			);
			path = Helpers;
			sourceTree = "<group>";
		};
		FF9CF3F62A72ED75003232F4 /* Settings */ = {
			isa = PBXGroup;
			children = (
				FF9CF3F72A72EDB0003232F4 /* settingsTableview.swift */,
				FF9CF3FD2A742362003232F4 /* privacyView.swift */,
				FF9CF3FB2A740AFB003232F4 /* privacyTableview.swift */,
				FF83F1572AA65972004C83D5 /* communityView.swift */,
				FF83F1592AA6598E004C83D5 /* policyView.swift */,
				FF83F15B2AA659A5004C83D5 /* termsView.swift */,
				FF83F15D2AA65A35004C83D5 /* accountView.swift */,
			);
			path = Settings;
			sourceTree = "<group>";
		};
		FFB8173E2A0159EA008E7E69 /* Onboarding */ = {
			isa = PBXGroup;
			children = (
				FF10E8F62A1D49D700ED1517 /* ConciergeView.swift */,
				FF7C443429F866B5001B9D35 /* landingView.swift */,
				FF4C4F982A02E06500B83FAF /* googleView.swift */,
				FF7C443C29F87439001B9D35 /* loginNav.swift */,
				FF7C443829F86816001B9D35 /* loginView.swift */,
				FF7C443E29F8746A001B9D35 /* signupNav.swift */,
				FF7C443629F867E5001B9D35 /* signupView.swift */,
				FFA28BDD2AA2F81800BDF8CA /* usernameView.swift */,
				FFB817452A015AF1008E7E69 /* identityView.swift */,
				FFA28BDF2AA2FE6500BDF8CA /* picView.swift */,
				FFB817472A015B0D008E7E69 /* birthdayView.swift */,
				FFB817492A015B23008E7E69 /* phoneView.swift */,
				FF3EBA052A0A1A9F00B4E6AE /* verifyNav.swift */,
				FFB8174B2A015B43008E7E69 /* verifyView.swift */,
			);
			path = Onboarding;
			sourceTree = "<group>";
		};
		FFB8173F2A015A10008E7E69 /* Feed */ = {
			isa = PBXGroup;
			children = (
				FF7C444329F8886F001B9D35 /* feedView.swift */,
				FF3EBA0B2A0AC28B00B4E6AE /* feedCell.swift */,
				FF6A24F02A1D5A5900D74339 /* feedDetailsView.swift */,
				FF135E012A6103FE00B8639E /* commentTVC.swift */,
				FFEB0E382A63A6D800F11ECF /* footerTVC.swift */,
				FF6A24F52A1D648200D74339 /* mapView.swift */,
				FF2D48342A20EC9E00B27FE6 /* moreCVC.swift */,
				FF2D48322A20EC4400B27FE6 /* likeCVC.swift */,
				FF679A472A8F039600F4BA0F /* feedProfileNav.swift */,
				FF679A492A8F03E200F4BA0F /* feedProfileTV.swift */,
				FF83F14F2AA64718004C83D5 /* feedTopCVC.swift */,
				FF2C4FAA2A90037000631300 /* feedProfileTVC.swift */,
			);
			path = Feed;
			sourceTree = "<group>";
		};
		FFB817402A015A1A008E7E69 /* Memories */ = {
			isa = PBXGroup;
			children = (
				FF135DFB2A5F089300B8639E /* memoriesTableview.swift */,
				FFA06AB32A3A4EDB00AE9C7F /* memoryCell.swift */,
				FF2F0CD02A61EE79002442BF /* memoryDetailsView.swift */,
				FF2F0CD22A61EFDD002442BF /* memoryDetailsTV.swift */,
				FF2F0CD42A61F079002442BF /* memoryMap.swift */,
				FFEB0E3C2A63AF2900F11ECF /* memoryPhoto.swift */,
				FFC773772A93165F00E06F6F /* memoryProfileNav.swift */,
				FFC773792A93168F00E06F6F /* memoryProfileTV.swift */,
				FF83F1512AA64746004C83D5 /* memoryTopCVC.swift */,
				FFC7737B2A9316AD00E06F6F /* memoryProfileTVC.swift */,
			);
			path = Memories;
			sourceTree = "<group>";
		};
		FFB817412A015A27008E7E69 /* Bump */ = {
			isa = PBXGroup;
			children = (
				FF7C444729F8890E001B9D35 /* bumpView.swift */,
				FFDEDE8D2A71B37400E036A9 /* addCVC.swift */,
				FFEBB79D2A4DC81F00F2A18E /* bumpMapView.swift */,
			);
			path = Bump;
			sourceTree = "<group>";
		};
		FFB817422A015A34008E7E69 /* Notify */ = {
			isa = PBXGroup;
			children = (
				FF9CF3F42A72E9FA003232F4 /* notifyView.swift */,
				FF037FD22A7191AE00182513 /* notifyViewTV.swift */,
				FF037FD62A71940300182513 /* notifyCell.swift */,
				FF037FD82A71942100182513 /* acceptCell.swift */,
				FF679A452A8E9C7D00F4BA0F /* confirmView.swift */,
			);
			path = Notify;
			sourceTree = "<group>";
		};
		FFB817432A015A3D008E7E69 /* Profile */ = {
			isa = PBXGroup;
			children = (
				FF135DF92A5F037D00B8639E /* profileTableview.swift */,
				FF0A453E2AB236B700CB6AA5 /* allBumpersTV.swift */,
				FF0A45402AB236CE00CB6AA5 /* allTVC.swift */,
				FF679A3D2A8E723B00F4BA0F /* bumpDetailsView.swift */,
				FF679A3F2A8E731700F4BA0F /* bumpDetailsTV.swift */,
				FF679A412A8E73C000F4BA0F /* bumpMap.swift */,
				FF679A432A8E73D100F4BA0F /* bumpPhoto.swift */,
				FFEB0E402A63BB7C00F11ECF /* friendProfileNav.swift */,
				FFEB0E3E2A63B2FD00F11ECF /* friendProfileTV.swift */,
				FF83F1532AA64784004C83D5 /* friendTopCVC.swift */,
				FF83F1552AA6479E004C83D5 /* friendBumpTVC.swift */,
				FF3281202A312001009BBE01 /* topCVC.swift */,
				FF3281222A312014009BBE01 /* bumpTVC.swift */,
			);
			path = Profile;
			sourceTree = "<group>";
		};
		FFB817442A015A4D008E7E69 /* Main Views */ = {
			isa = PBXGroup;
			children = (
				FFB8173F2A015A10008E7E69 /* Feed */,
				FFB817402A015A1A008E7E69 /* Memories */,
				FFB817412A015A27008E7E69 /* Bump */,
				FFB817422A015A34008E7E69 /* Notify */,
				FFB817432A015A3D008E7E69 /* Profile */,
				FF9CF3F62A72ED75003232F4 /* Settings */,
			);
			path = "Main Views";
			sourceTree = "<group>";
		};
/* End PBXGroup section */

/* Begin PBXNativeTarget section */
		FF7C43F329F836B8001B9D35 /* bumpd */ = {
			isa = PBXNativeTarget;
			buildConfigurationList = FF7C441E29F836BB001B9D35 /* Build configuration list for PBXNativeTarget "bumpd" */;
			buildPhases = (
				CC7BD4707CF7B9141D821747 /* [CP] Check Pods Manifest.lock */,
				FF7C43F029F836B8001B9D35 /* Sources */,
				FF7C43F129F836B8001B9D35 /* Frameworks */,
				FF7C43F229F836B8001B9D35 /* Resources */,
				6C7FA505646CAE5B9664C0FF /* [CP] Embed Pods Frameworks */,
				1AD4BB77BFE00C9D4EFDB956 /* [CP] Copy Pods Resources */,
				519C38ED2C25C3ED006C5712 /* Crashlytics */,
			);
			buildRules = (
			);
			dependencies = (
			);
			name = bumpd;
			productName = bumpd;
			productReference = FF7C43F429F836B8001B9D35 /* bumpd.app */;
			productType = "com.apple.product-type.application";
		};
		FF7C440929F836BB001B9D35 /* bumpdTests */ = {
			isa = PBXNativeTarget;
			buildConfigurationList = FF7C442129F836BB001B9D35 /* Build configuration list for PBXNativeTarget "bumpdTests" */;
			buildPhases = (
				AECB29615DB573A0EC26EB86 /* [CP] Check Pods Manifest.lock */,
				FF7C440629F836BB001B9D35 /* Sources */,
				FF7C440729F836BB001B9D35 /* Frameworks */,
				FF7C440829F836BB001B9D35 /* Resources */,
			);
			buildRules = (
			);
			dependencies = (
				FF7C440C29F836BB001B9D35 /* PBXTargetDependency */,
			);
			name = bumpdTests;
			productName = bumpdTests;
			productReference = FF7C440A29F836BB001B9D35 /* bumpdTests.xctest */;
			productType = "com.apple.product-type.bundle.unit-test";
		};
		FF7C441329F836BB001B9D35 /* bumpdUITests */ = {
			isa = PBXNativeTarget;
			buildConfigurationList = FF7C442429F836BB001B9D35 /* Build configuration list for PBXNativeTarget "bumpdUITests" */;
			buildPhases = (
				18B877B7445B6E1550E43761 /* [CP] Check Pods Manifest.lock */,
				FF7C441029F836BB001B9D35 /* Sources */,
				FF7C441129F836BB001B9D35 /* Frameworks */,
				FF7C441229F836BB001B9D35 /* Resources */,
				453871658C6D8E6121947738 /* [CP] Embed Pods Frameworks */,
				6C04B4DCD2DEEFDE9DF5953A /* [CP] Copy Pods Resources */,
			);
			buildRules = (
			);
			dependencies = (
				FF7C441629F836BB001B9D35 /* PBXTargetDependency */,
			);
			name = bumpdUITests;
			productName = bumpdUITests;
			productReference = FF7C441429F836BB001B9D35 /* bumpdUITests.xctest */;
			productType = "com.apple.product-type.bundle.ui-testing";
		};
/* End PBXNativeTarget section */

/* Begin PBXProject section */
		FF7C43EC29F836B8001B9D35 /* Project object */ = {
			isa = PBXProject;
			attributes = {
				BuildIndependentTargetsInParallel = 1;
				LastSwiftUpdateCheck = 1430;
				LastUpgradeCheck = 1430;
				TargetAttributes = {
					FF7C43F329F836B8001B9D35 = {
						CreatedOnToolsVersion = 14.3;
					};
					FF7C440929F836BB001B9D35 = {
						CreatedOnToolsVersion = 14.3;
						TestTargetID = FF7C43F329F836B8001B9D35;
					};
					FF7C441329F836BB001B9D35 = {
						CreatedOnToolsVersion = 14.3;
						TestTargetID = FF7C43F329F836B8001B9D35;
					};
				};
			};
			buildConfigurationList = FF7C43EF29F836B8001B9D35 /* Build configuration list for PBXProject "bumpd" */;
			compatibilityVersion = "Xcode 13.0";
			developmentRegion = en;
			hasScannedForEncodings = 0;
			knownRegions = (
				en,
				Base,
			);
			mainGroup = FF7C43EB29F836B8001B9D35;
			productRefGroup = FF7C43F529F836B8001B9D35 /* Products */;
			projectDirPath = "";
			projectRoot = "";
			targets = (
				FF7C43F329F836B8001B9D35 /* bumpd */,
				FF7C440929F836BB001B9D35 /* bumpdTests */,
				FF7C441329F836BB001B9D35 /* bumpdUITests */,
			);
		};
/* End PBXProject section */

/* Begin PBXResourcesBuildPhase section */
		FF7C43F229F836B8001B9D35 /* Resources */ = {
			isa = PBXResourcesBuildPhase;
			buildActionMask = 2147483647;
			files = (
				FF7C440429F836BB001B9D35 /* LaunchScreen.storyboard in Resources */,
				F29E6BBB2C3CEC3E00A3B2C1 /* OptionsView.xib in Resources */,
				FF135E042A6103FE00B8639E /* commentTVC.xib in Resources */,
				FF7C442A29F84DB8001B9D35 /* poppins in Resources */,
				FF7C440129F836BB001B9D35 /* Assets.xcassets in Resources */,
				FFEB0E3B2A63A6D800F11ECF /* footerTVC.xib in Resources */,
				FFA06AB02A3A490800AE9C7F /* AppointmentCell.xib in Resources */,
				FF3EBA022A0A10B900B4E6AE /* Config.plist in Resources */,
				511C04452C3478C00038601A /* GoogleService-Info.plist in Resources */,
				FF6A24F32A1D615100D74339 /* style.json in Resources */,
				F29E6BC72C3DFCDB00A3B2C1 /* BottomSheetViewController.xib in Resources */,
				FF7C43FF29F836B8001B9D35 /* Main.storyboard in Resources */,
			);
			runOnlyForDeploymentPostprocessing = 0;
		};
		FF7C440829F836BB001B9D35 /* Resources */ = {
			isa = PBXResourcesBuildPhase;
			buildActionMask = 2147483647;
			files = (
			);
			runOnlyForDeploymentPostprocessing = 0;
		};
		FF7C441229F836BB001B9D35 /* Resources */ = {
			isa = PBXResourcesBuildPhase;
			buildActionMask = 2147483647;
			files = (
			);
			runOnlyForDeploymentPostprocessing = 0;
		};
/* End PBXResourcesBuildPhase section */

/* Begin PBXShellScriptBuildPhase section */
		18B877B7445B6E1550E43761 /* [CP] Check Pods Manifest.lock */ = {
			isa = PBXShellScriptBuildPhase;
			buildActionMask = 2147483647;
			files = (
			);
			inputFileListPaths = (
			);
			inputPaths = (
				"${PODS_PODFILE_DIR_PATH}/Podfile.lock",
				"${PODS_ROOT}/Manifest.lock",
			);
			name = "[CP] Check Pods Manifest.lock";
			outputFileListPaths = (
			);
			outputPaths = (
				"$(DERIVED_FILE_DIR)/Pods-bumpd-bumpdUITests-checkManifestLockResult.txt",
			);
			runOnlyForDeploymentPostprocessing = 0;
			shellPath = /bin/sh;
			shellScript = "diff \"${PODS_PODFILE_DIR_PATH}/Podfile.lock\" \"${PODS_ROOT}/Manifest.lock\" > /dev/null\nif [ $? != 0 ] ; then\n    # print error to STDERR\n    echo \"error: The sandbox is not in sync with the Podfile.lock. Run 'pod install' or update your CocoaPods installation.\" >&2\n    exit 1\nfi\n# This output is used by Xcode 'outputs' to avoid re-running this script phase.\necho \"SUCCESS\" > \"${SCRIPT_OUTPUT_FILE_0}\"\n";
			showEnvVarsInLog = 0;
		};
		1AD4BB77BFE00C9D4EFDB956 /* [CP] Copy Pods Resources */ = {
			isa = PBXShellScriptBuildPhase;
			buildActionMask = 2147483647;
			files = (
			);
			inputFileListPaths = (
				"${PODS_ROOT}/Target Support Files/Pods-bumpd/Pods-bumpd-resources-${CONFIGURATION}-input-files.xcfilelist",
			);
			name = "[CP] Copy Pods Resources";
			outputFileListPaths = (
				"${PODS_ROOT}/Target Support Files/Pods-bumpd/Pods-bumpd-resources-${CONFIGURATION}-output-files.xcfilelist",
			);
			runOnlyForDeploymentPostprocessing = 0;
			shellPath = /bin/sh;
			shellScript = "\"${PODS_ROOT}/Target Support Files/Pods-bumpd/Pods-bumpd-resources.sh\"\n";
			showEnvVarsInLog = 0;
		};
		453871658C6D8E6121947738 /* [CP] Embed Pods Frameworks */ = {
			isa = PBXShellScriptBuildPhase;
			buildActionMask = 2147483647;
			files = (
			);
			inputFileListPaths = (
				"${PODS_ROOT}/Target Support Files/Pods-bumpd-bumpdUITests/Pods-bumpd-bumpdUITests-frameworks-${CONFIGURATION}-input-files.xcfilelist",
			);
			name = "[CP] Embed Pods Frameworks";
			outputFileListPaths = (
				"${PODS_ROOT}/Target Support Files/Pods-bumpd-bumpdUITests/Pods-bumpd-bumpdUITests-frameworks-${CONFIGURATION}-output-files.xcfilelist",
			);
			runOnlyForDeploymentPostprocessing = 0;
			shellPath = /bin/sh;
			shellScript = "\"${PODS_ROOT}/Target Support Files/Pods-bumpd-bumpdUITests/Pods-bumpd-bumpdUITests-frameworks.sh\"\n";
			showEnvVarsInLog = 0;
		};
		519C38ED2C25C3ED006C5712 /* Crashlytics */ = {
			isa = PBXShellScriptBuildPhase;
			buildActionMask = 2147483647;
			files = (
			);
			inputFileListPaths = (
			);
			inputPaths = (
				"${DWARF_DSYM_FOLDER_PATH}/${DWARF_DSYM_FILE_NAME}",
				"${DWARF_DSYM_FOLDER_PATH}/${DWARF_DSYM_FILE_NAME}/Contents/Resources/DWARF/${PRODUCT_NAME}",
				"${DWARF_DSYM_FOLDER_PATH}/${DWARF_DSYM_FILE_NAME}/Contents/Info.plist",
				"$(TARGET_BUILD_DIR)/$(UNLOCALIZED_RESOURCES_FOLDER_PATH)/GoogleService-Info.plist",
				"$(TARGET_BUILD_DIR)/$(EXECUTABLE_PATH)",
			);
			name = Crashlytics;
			outputFileListPaths = (
			);
			outputPaths = (
			);
			runOnlyForDeploymentPostprocessing = 0;
			shellPath = /bin/sh;
			shellScript = "\"${PODS_ROOT}/FirebaseCrashlytics/run\"\n";
		};
		6C04B4DCD2DEEFDE9DF5953A /* [CP] Copy Pods Resources */ = {
			isa = PBXShellScriptBuildPhase;
			buildActionMask = 2147483647;
			files = (
			);
			inputFileListPaths = (
				"${PODS_ROOT}/Target Support Files/Pods-bumpd-bumpdUITests/Pods-bumpd-bumpdUITests-resources-${CONFIGURATION}-input-files.xcfilelist",
			);
			name = "[CP] Copy Pods Resources";
			outputFileListPaths = (
				"${PODS_ROOT}/Target Support Files/Pods-bumpd-bumpdUITests/Pods-bumpd-bumpdUITests-resources-${CONFIGURATION}-output-files.xcfilelist",
			);
			runOnlyForDeploymentPostprocessing = 0;
			shellPath = /bin/sh;
			shellScript = "\"${PODS_ROOT}/Target Support Files/Pods-bumpd-bumpdUITests/Pods-bumpd-bumpdUITests-resources.sh\"\n";
			showEnvVarsInLog = 0;
		};
		6C7FA505646CAE5B9664C0FF /* [CP] Embed Pods Frameworks */ = {
			isa = PBXShellScriptBuildPhase;
			buildActionMask = 2147483647;
			files = (
			);
			inputFileListPaths = (
				"${PODS_ROOT}/Target Support Files/Pods-bumpd/Pods-bumpd-frameworks-${CONFIGURATION}-input-files.xcfilelist",
			);
			name = "[CP] Embed Pods Frameworks";
			outputFileListPaths = (
				"${PODS_ROOT}/Target Support Files/Pods-bumpd/Pods-bumpd-frameworks-${CONFIGURATION}-output-files.xcfilelist",
			);
			runOnlyForDeploymentPostprocessing = 0;
			shellPath = /bin/sh;
			shellScript = "\"${PODS_ROOT}/Target Support Files/Pods-bumpd/Pods-bumpd-frameworks.sh\"\n";
			showEnvVarsInLog = 0;
		};
		AECB29615DB573A0EC26EB86 /* [CP] Check Pods Manifest.lock */ = {
			isa = PBXShellScriptBuildPhase;
			buildActionMask = 2147483647;
			files = (
			);
			inputFileListPaths = (
			);
			inputPaths = (
				"${PODS_PODFILE_DIR_PATH}/Podfile.lock",
				"${PODS_ROOT}/Manifest.lock",
			);
			name = "[CP] Check Pods Manifest.lock";
			outputFileListPaths = (
			);
			outputPaths = (
				"$(DERIVED_FILE_DIR)/Pods-bumpdTests-checkManifestLockResult.txt",
			);
			runOnlyForDeploymentPostprocessing = 0;
			shellPath = /bin/sh;
			shellScript = "diff \"${PODS_PODFILE_DIR_PATH}/Podfile.lock\" \"${PODS_ROOT}/Manifest.lock\" > /dev/null\nif [ $? != 0 ] ; then\n    # print error to STDERR\n    echo \"error: The sandbox is not in sync with the Podfile.lock. Run 'pod install' or update your CocoaPods installation.\" >&2\n    exit 1\nfi\n# This output is used by Xcode 'outputs' to avoid re-running this script phase.\necho \"SUCCESS\" > \"${SCRIPT_OUTPUT_FILE_0}\"\n";
			showEnvVarsInLog = 0;
		};
		CC7BD4707CF7B9141D821747 /* [CP] Check Pods Manifest.lock */ = {
			isa = PBXShellScriptBuildPhase;
			buildActionMask = 2147483647;
			files = (
			);
			inputFileListPaths = (
			);
			inputPaths = (
				"${PODS_PODFILE_DIR_PATH}/Podfile.lock",
				"${PODS_ROOT}/Manifest.lock",
			);
			name = "[CP] Check Pods Manifest.lock";
			outputFileListPaths = (
			);
			outputPaths = (
				"$(DERIVED_FILE_DIR)/Pods-bumpd-checkManifestLockResult.txt",
			);
			runOnlyForDeploymentPostprocessing = 0;
			shellPath = /bin/sh;
			shellScript = "diff \"${PODS_PODFILE_DIR_PATH}/Podfile.lock\" \"${PODS_ROOT}/Manifest.lock\" > /dev/null\nif [ $? != 0 ] ; then\n    # print error to STDERR\n    echo \"error: The sandbox is not in sync with the Podfile.lock. Run 'pod install' or update your CocoaPods installation.\" >&2\n    exit 1\nfi\n# This output is used by Xcode 'outputs' to avoid re-running this script phase.\necho \"SUCCESS\" > \"${SCRIPT_OUTPUT_FILE_0}\"\n";
			showEnvVarsInLog = 0;
		};
/* End PBXShellScriptBuildPhase section */

/* Begin PBXSourcesBuildPhase section */
		FF7C43F029F836B8001B9D35 /* Sources */ = {
			isa = PBXSourcesBuildPhase;
			buildActionMask = 2147483647;
			files = (
				FF0A45412AB236CE00CB6AA5 /* allTVC.swift in Sources */,
				FF4C4F992A02E06600B83FAF /* googleView.swift in Sources */,
				FF83F1562AA6479E004C83D5 /* friendBumpTVC.swift in Sources */,
				FF6A24F92A1D65D600D74339 /* PushNotificationManager.swift in Sources */,
				FF679A3E2A8E723C00F4BA0F /* bumpDetailsView.swift in Sources */,
				FF679A422A8E73C000F4BA0F /* bumpMap.swift in Sources */,
				FF7C444429F8886F001B9D35 /* feedView.swift in Sources */,
				FF3EBA082A0AB08800B4E6AE /* dataStructures.swift in Sources */,
				FFAB196B2A0ACA43009384C9 /* CustomizableView.swift in Sources */,
				FF6A24F12A1D5A5900D74339 /* feedDetailsView.swift in Sources */,
				FFAB19692A0ACA3D009384C9 /* CustomizableLabel.swift in Sources */,
				FFAB196A2A0ACA40009384C9 /* DraggableLabel.swift in Sources */,
				FFC773782A93165F00E06F6F /* memoryProfileNav.swift in Sources */,
				F29E6BC82C3DFCDB00A3B2C1 /* BottomSheetViewController.swift in Sources */,
				FF135DFA2A5F037D00B8639E /* profileTableview.swift in Sources */,
				FF7C443729F867E5001B9D35 /* signupView.swift in Sources */,
				FF135E032A6103FE00B8639E /* commentTVC.swift in Sources */,
				FFA06AB22A3A4AAA00AE9C7F /* Memories.swift in Sources */,
				FF135DFC2A5F089300B8639E /* memoriesTableview.swift in Sources */,
				FFEBB79E2A4DC81F00F2A18E /* bumpMapView.swift in Sources */,
				FF679A442A8E73D100F4BA0F /* bumpPhoto.swift in Sources */,
				FF3EBA0F2A0AC31F00B4E6AE /* Bumps.swift in Sources */,
				FF3EBA112A0AC33300B4E6AE /* Feed.swift in Sources */,
				FF679A4A2A8F03E200F4BA0F /* feedProfileTV.swift in Sources */,
				FF9CF3F82A72EDB0003232F4 /* settingsTableview.swift in Sources */,
				FF2F0CD52A61F079002442BF /* memoryMap.swift in Sources */,
				FF83F15E2AA65A35004C83D5 /* accountView.swift in Sources */,
				FFA06AB42A3A4EDB00AE9C7F /* memoryCell.swift in Sources */,
				FFEB0E3D2A63AF2900F11ECF /* memoryPhoto.swift in Sources */,
				FF7C443529F866B5001B9D35 /* landingView.swift in Sources */,
				FFAB196C2A0ACA47009384C9 /* CustomizableTextView.swift in Sources */,
				FFC7737C2A9316AD00E06F6F /* memoryProfileTVC.swift in Sources */,
				FFAB196E2A0ACCC5009384C9 /* extentions.swift in Sources */,
				FF3EBA0C2A0AC28B00B4E6AE /* feedCell.swift in Sources */,
				FF679A482A8F039600F4BA0F /* feedProfileNav.swift in Sources */,
				FF83F15A2AA6598E004C83D5 /* policyView.swift in Sources */,
				FF0A453F2AB236B700CB6AA5 /* allBumpersTV.swift in Sources */,
				FF0B43F32B6AEA6000A8B87E /* RefreshButton.swift in Sources */,
				FF9CF3FC2A740AFB003232F4 /* privacyTableview.swift in Sources */,
				FF037FD32A7191AE00182513 /* notifyViewTV.swift in Sources */,
				FFB8174A2A015B23008E7E69 /* phoneView.swift in Sources */,
				FF3EBA042A0A10C600B4E6AE /* verifyAPI.swift in Sources */,
				FFEB0E3A2A63A6D800F11ECF /* footerTVC.swift in Sources */,
				FFAB19662A0ACA32009384C9 /* PlaceholderView.swift in Sources */,
				FF135E002A6102C900B8639E /* Comments.swift in Sources */,
				FF83F15C2AA659A5004C83D5 /* termsView.swift in Sources */,
				FFAB19682A0ACA39009384C9 /* CustomizableTextField.swift in Sources */,
				FF6A24F62A1D648200D74339 /* mapView.swift in Sources */,
				FF9CF3F52A72E9FA003232F4 /* notifyView.swift in Sources */,
				FF7C43F829F836B8001B9D35 /* AppDelegate.swift in Sources */,
				FF83F1502AA64718004C83D5 /* feedTopCVC.swift in Sources */,
				FF037FD72A71940300182513 /* notifyCell.swift in Sources */,
				FF83F1542AA64784004C83D5 /* friendTopCVC.swift in Sources */,
				FF83F1522AA64746004C83D5 /* memoryTopCVC.swift in Sources */,
				FF3EBA162A0AC4CB00B4E6AE /* Likes.swift in Sources */,
				FFAB19652A0ACA2F009384C9 /* CustomizableImageView.swift in Sources */,
				FF7C443929F86816001B9D35 /* loginView.swift in Sources */,
				FF2D48332A20EC4400B27FE6 /* likeCVC.swift in Sources */,
				FF7C443F29F8746A001B9D35 /* signupNav.swift in Sources */,
				FF3281232A312014009BBE01 /* bumpTVC.swift in Sources */,
				FF037FD92A71942100182513 /* acceptCell.swift in Sources */,
				FF9CF3FA2A73073E003232F4 /* Settings.swift in Sources */,
				FF32811F2A3117A3009BBE01 /* Bumpers.swift in Sources */,
				FF3EBA062A0A1A9F00B4E6AE /* verifyNav.swift in Sources */,
				FF6A24FA2A1D65D600D74339 /* PushNotificationSender.swift in Sources */,
				FF7C444829F8890E001B9D35 /* bumpView.swift in Sources */,
				FFA28BDE2AA2F81800BDF8CA /* usernameView.swift in Sources */,
				FFEB0E3F2A63B2FD00F11ECF /* friendProfileTV.swift in Sources */,
				FF037FD52A7192E400182513 /* Notify.swift in Sources */,
				FFB817462A015AF1008E7E69 /* identityView.swift in Sources */,
				FF7C444129F882A2001B9D35 /* tabBarControls.swift in Sources */,
				FFAB19672A0ACA35009384C9 /* CustomizableButton.swift in Sources */,
				FFC7737A2A93168F00E06F6F /* memoryProfileTV.swift in Sources */,
				FF7C43FA29F836B8001B9D35 /* SceneDelegate.swift in Sources */,
				FF2F0CD12A61EE79002442BF /* memoryDetailsView.swift in Sources */,
				FF3281212A312001009BBE01 /* topCVC.swift in Sources */,
				FF679A402A8E731800F4BA0F /* bumpDetailsTV.swift in Sources */,
				FF7C443D29F87439001B9D35 /* loginNav.swift in Sources */,
				FF83F1582AA65972004C83D5 /* communityView.swift in Sources */,
				FF3EBA142A0AC46E00B4E6AE /* Users.swift in Sources */,
				FFDEDE8E2A71B37400E036A9 /* addCVC.swift in Sources */,
				FFEB0E412A63BB7C00F11ECF /* friendProfileNav.swift in Sources */,
				FF2D48352A20EC9E00B27FE6 /* moreCVC.swift in Sources */,
				FF2F0CD32A61EFDD002442BF /* memoryDetailsTV.swift in Sources */,
				FF2C4FAB2A90037000631300 /* feedProfileTVC.swift in Sources */,
				FFB817482A015B0D008E7E69 /* birthdayView.swift in Sources */,
				FFB8174C2A015B43008E7E69 /* verifyView.swift in Sources */,
				FF9CF3FE2A742362003232F4 /* privacyView.swift in Sources */,
				FF3EBA0A2A0AB10E00B4E6AE /* requestHelper.swift in Sources */,
				FFA28BE02AA2FE6500BDF8CA /* picView.swift in Sources */,
				FF10E8F72A1D49D700ED1517 /* ConciergeView.swift in Sources */,
				FF679A462A8E9C7D00F4BA0F /* confirmView.swift in Sources */,
				F29E6BBF2C3CED2A00A3B2C1 /* OptionsView.swift in Sources */,
			);
			runOnlyForDeploymentPostprocessing = 0;
		};
		FF7C440629F836BB001B9D35 /* Sources */ = {
			isa = PBXSourcesBuildPhase;
			buildActionMask = 2147483647;
			files = (
				FF7C440F29F836BB001B9D35 /* bumpdTests.swift in Sources */,
			);
			runOnlyForDeploymentPostprocessing = 0;
		};
		FF7C441029F836BB001B9D35 /* Sources */ = {
			isa = PBXSourcesBuildPhase;
			buildActionMask = 2147483647;
			files = (
				FF7C441929F836BB001B9D35 /* bumpdUITests.swift in Sources */,
				FF7C441B29F836BB001B9D35 /* bumpdUITestsLaunchTests.swift in Sources */,
			);
			runOnlyForDeploymentPostprocessing = 0;
		};
/* End PBXSourcesBuildPhase section */

/* Begin PBXTargetDependency section */
		FF7C440C29F836BB001B9D35 /* PBXTargetDependency */ = {
			isa = PBXTargetDependency;
			target = FF7C43F329F836B8001B9D35 /* bumpd */;
			targetProxy = FF7C440B29F836BB001B9D35 /* PBXContainerItemProxy */;
		};
		FF7C441629F836BB001B9D35 /* PBXTargetDependency */ = {
			isa = PBXTargetDependency;
			target = FF7C43F329F836B8001B9D35 /* bumpd */;
			targetProxy = FF7C441529F836BB001B9D35 /* PBXContainerItemProxy */;
		};
/* End PBXTargetDependency section */

/* Begin PBXVariantGroup section */
		FF7C43FD29F836B8001B9D35 /* Main.storyboard */ = {
			isa = PBXVariantGroup;
			children = (
				FF7C43FE29F836B8001B9D35 /* Base */,
			);
			name = Main.storyboard;
			sourceTree = "<group>";
		};
		FF7C440229F836BB001B9D35 /* LaunchScreen.storyboard */ = {
			isa = PBXVariantGroup;
			children = (
				FF7C440329F836BB001B9D35 /* Base */,
			);
			name = LaunchScreen.storyboard;
			sourceTree = "<group>";
		};
/* End PBXVariantGroup section */

/* Begin XCBuildConfiguration section */
		FF7C441C29F836BB001B9D35 /* Debug */ = {
			isa = XCBuildConfiguration;
			buildSettings = {
				ALWAYS_SEARCH_USER_PATHS = NO;
				CLANG_ANALYZER_NONNULL = YES;
				CLANG_ANALYZER_NUMBER_OBJECT_CONVERSION = YES_AGGRESSIVE;
				CLANG_CXX_LANGUAGE_STANDARD = "gnu++20";
				CLANG_ENABLE_MODULES = YES;
				CLANG_ENABLE_OBJC_ARC = YES;
				CLANG_ENABLE_OBJC_WEAK = YES;
				CLANG_WARN_BLOCK_CAPTURE_AUTORELEASING = YES;
				CLANG_WARN_BOOL_CONVERSION = YES;
				CLANG_WARN_COMMA = YES;
				CLANG_WARN_CONSTANT_CONVERSION = YES;
				CLANG_WARN_DEPRECATED_OBJC_IMPLEMENTATIONS = YES;
				CLANG_WARN_DIRECT_OBJC_ISA_USAGE = YES_ERROR;
				CLANG_WARN_DOCUMENTATION_COMMENTS = YES;
				CLANG_WARN_EMPTY_BODY = YES;
				CLANG_WARN_ENUM_CONVERSION = YES;
				CLANG_WARN_INFINITE_RECURSION = YES;
				CLANG_WARN_INT_CONVERSION = YES;
				CLANG_WARN_NON_LITERAL_NULL_CONVERSION = YES;
				CLANG_WARN_OBJC_IMPLICIT_RETAIN_SELF = YES;
				CLANG_WARN_OBJC_LITERAL_CONVERSION = YES;
				CLANG_WARN_OBJC_ROOT_CLASS = YES_ERROR;
				CLANG_WARN_QUOTED_INCLUDE_IN_FRAMEWORK_HEADER = YES;
				CLANG_WARN_RANGE_LOOP_ANALYSIS = YES;
				CLANG_WARN_STRICT_PROTOTYPES = YES;
				CLANG_WARN_SUSPICIOUS_MOVE = YES;
				CLANG_WARN_UNGUARDED_AVAILABILITY = YES_AGGRESSIVE;
				CLANG_WARN_UNREACHABLE_CODE = YES;
				CLANG_WARN__DUPLICATE_METHOD_MATCH = YES;
				COPY_PHASE_STRIP = NO;
				DEBUG_INFORMATION_FORMAT = dwarf;
				ENABLE_STRICT_OBJC_MSGSEND = YES;
				ENABLE_TESTABILITY = YES;
				GCC_C_LANGUAGE_STANDARD = gnu11;
				GCC_DYNAMIC_NO_PIC = NO;
				GCC_NO_COMMON_BLOCKS = YES;
				GCC_OPTIMIZATION_LEVEL = 0;
				GCC_PREPROCESSOR_DEFINITIONS = (
					"DEBUG=1",
					"$(inherited)",
				);
				GCC_WARN_64_TO_32_BIT_CONVERSION = YES;
				GCC_WARN_ABOUT_RETURN_TYPE = YES_ERROR;
				GCC_WARN_UNDECLARED_SELECTOR = YES;
				GCC_WARN_UNINITIALIZED_AUTOS = YES_AGGRESSIVE;
				GCC_WARN_UNUSED_FUNCTION = YES;
				GCC_WARN_UNUSED_VARIABLE = YES;
				INFOPLIST_KEY_NSLocationAlwaysAndWhenInUseUsageDescription = Yes;
				INFOPLIST_KEY_NSLocationAlwaysUsageDescription = "";
				IPHONEOS_DEPLOYMENT_TARGET = 16.4;
				MTL_ENABLE_DEBUG_INFO = INCLUDE_SOURCE;
				MTL_FAST_MATH = YES;
				ONLY_ACTIVE_ARCH = YES;
				SDKROOT = iphoneos;
				SWIFT_ACTIVE_COMPILATION_CONDITIONS = DEBUG;
				SWIFT_OPTIMIZATION_LEVEL = "-Onone";
			};
			name = Debug;
		};
		FF7C441D29F836BB001B9D35 /* Release */ = {
			isa = XCBuildConfiguration;
			buildSettings = {
				ALWAYS_SEARCH_USER_PATHS = NO;
				CLANG_ANALYZER_NONNULL = YES;
				CLANG_ANALYZER_NUMBER_OBJECT_CONVERSION = YES_AGGRESSIVE;
				CLANG_CXX_LANGUAGE_STANDARD = "gnu++20";
				CLANG_ENABLE_MODULES = YES;
				CLANG_ENABLE_OBJC_ARC = YES;
				CLANG_ENABLE_OBJC_WEAK = YES;
				CLANG_WARN_BLOCK_CAPTURE_AUTORELEASING = YES;
				CLANG_WARN_BOOL_CONVERSION = YES;
				CLANG_WARN_COMMA = YES;
				CLANG_WARN_CONSTANT_CONVERSION = YES;
				CLANG_WARN_DEPRECATED_OBJC_IMPLEMENTATIONS = YES;
				CLANG_WARN_DIRECT_OBJC_ISA_USAGE = YES_ERROR;
				CLANG_WARN_DOCUMENTATION_COMMENTS = YES;
				CLANG_WARN_EMPTY_BODY = YES;
				CLANG_WARN_ENUM_CONVERSION = YES;
				CLANG_WARN_INFINITE_RECURSION = YES;
				CLANG_WARN_INT_CONVERSION = YES;
				CLANG_WARN_NON_LITERAL_NULL_CONVERSION = YES;
				CLANG_WARN_OBJC_IMPLICIT_RETAIN_SELF = YES;
				CLANG_WARN_OBJC_LITERAL_CONVERSION = YES;
				CLANG_WARN_OBJC_ROOT_CLASS = YES_ERROR;
				CLANG_WARN_QUOTED_INCLUDE_IN_FRAMEWORK_HEADER = YES;
				CLANG_WARN_RANGE_LOOP_ANALYSIS = YES;
				CLANG_WARN_STRICT_PROTOTYPES = YES;
				CLANG_WARN_SUSPICIOUS_MOVE = YES;
				CLANG_WARN_UNGUARDED_AVAILABILITY = YES_AGGRESSIVE;
				CLANG_WARN_UNREACHABLE_CODE = YES;
				CLANG_WARN__DUPLICATE_METHOD_MATCH = YES;
				COPY_PHASE_STRIP = NO;
				DEBUG_INFORMATION_FORMAT = "dwarf-with-dsym";
				ENABLE_NS_ASSERTIONS = NO;
				ENABLE_STRICT_OBJC_MSGSEND = YES;
				GCC_C_LANGUAGE_STANDARD = gnu11;
				GCC_NO_COMMON_BLOCKS = YES;
				GCC_WARN_64_TO_32_BIT_CONVERSION = YES;
				GCC_WARN_ABOUT_RETURN_TYPE = YES_ERROR;
				GCC_WARN_UNDECLARED_SELECTOR = YES;
				GCC_WARN_UNINITIALIZED_AUTOS = YES_AGGRESSIVE;
				GCC_WARN_UNUSED_FUNCTION = YES;
				GCC_WARN_UNUSED_VARIABLE = YES;
				INFOPLIST_KEY_NSLocationAlwaysAndWhenInUseUsageDescription = Yes;
				INFOPLIST_KEY_NSLocationAlwaysUsageDescription = "";
				IPHONEOS_DEPLOYMENT_TARGET = 16.4;
				MTL_ENABLE_DEBUG_INFO = NO;
				MTL_FAST_MATH = YES;
				SDKROOT = iphoneos;
				SWIFT_COMPILATION_MODE = wholemodule;
				SWIFT_OPTIMIZATION_LEVEL = "-O";
				VALIDATE_PRODUCT = YES;
			};
			name = Release;
		};
		FF7C441F29F836BB001B9D35 /* Debug */ = {
			isa = XCBuildConfiguration;
			baseConfigurationReference = B82DAB37A2848FFAED544C12 /* Pods-bumpd.debug.xcconfig */;
			buildSettings = {
				ASSETCATALOG_COMPILER_APPICON_NAME = AppIcon;
				ASSETCATALOG_COMPILER_GLOBAL_ACCENT_COLOR_NAME = AccentColor;
				CODE_SIGN_ENTITLEMENTS = bumpd/bumpd.entitlements;
				CODE_SIGN_IDENTITY = "Apple Development";
				CODE_SIGN_STYLE = Automatic;
				CURRENT_PROJECT_VERSION = 2;
				DEVELOPMENT_TEAM = X8L4NGJ9BL;
				GENERATE_INFOPLIST_FILE = YES;
				INFOPLIST_FILE = bumpd/Info.plist;
				INFOPLIST_KEY_CFBundleDisplayName = Bumpd;
				INFOPLIST_KEY_LSApplicationCategoryType = "public.app-category.lifestyle";
				INFOPLIST_KEY_NSAppleMusicUsageDescription = "This is necessary for replacing your profile avatar and posting media files.";
				INFOPLIST_KEY_NSCameraUsageDescription = "This is necessary if you wish to capture memories.";
				INFOPLIST_KEY_NSLocationAlwaysAndWhenInUseUsageDescription = "Your location is used to determine when there are other users nearby you may want to bump with, and allows us to notify you.";
				INFOPLIST_KEY_NSLocationAlwaysUsageDescription = "Your location is used to determine when there are other users nearby you may want to bump with, and allows us to notify you.";
				INFOPLIST_KEY_NSLocationWhenInUseUsageDescription = "Your location is used to determine when there are other users nearby you may want to bump with, and allows us to notify you.";
				INFOPLIST_KEY_NSPhotoLibraryAddUsageDescription = "This is necessary if you want to be able to upload image files.";
				INFOPLIST_KEY_NSPhotoLibraryUsageDescription = "This is necessary if you want to be able to upload image files.";
				INFOPLIST_KEY_UIApplicationSupportsIndirectInputEvents = YES;
				INFOPLIST_KEY_UILaunchStoryboardName = LaunchScreen;
				INFOPLIST_KEY_UIMainStoryboardFile = Main;
				INFOPLIST_KEY_UIRequiresFullScreen = YES;
				INFOPLIST_KEY_UIStatusBarStyle = UIStatusBarStyleDarkContent;
				INFOPLIST_KEY_UISupportedInterfaceOrientations = UIInterfaceOrientationPortrait;
				IPHONEOS_DEPLOYMENT_TARGET = 15.0;
				LD_RUNPATH_SEARCH_PATHS = (
					"$(inherited)",
					"@executable_path/Frameworks",
				);
				MARKETING_VERSION = 1.32;
				PRODUCT_BUNDLE_IDENTIFIER = com.bumpd.bumpdapp;
				PRODUCT_NAME = "$(TARGET_NAME)";
				PROVISIONING_PROFILE_SPECIFIER = "";
				SWIFT_EMIT_LOC_STRINGS = YES;
				SWIFT_VERSION = 5.0;
				TARGETED_DEVICE_FAMILY = "1,2";
			};
			name = Debug;
		};
		FF7C442029F836BB001B9D35 /* Release */ = {
			isa = XCBuildConfiguration;
			baseConfigurationReference = AB3C17B02182F19DFA1AEDD1 /* Pods-bumpd.release.xcconfig */;
			buildSettings = {
				ASSETCATALOG_COMPILER_APPICON_NAME = AppIcon;
				ASSETCATALOG_COMPILER_GLOBAL_ACCENT_COLOR_NAME = AccentColor;
				CODE_SIGN_ENTITLEMENTS = bumpd/bumpd.entitlements;
				CODE_SIGN_IDENTITY = "Apple Development";
				CODE_SIGN_STYLE = Automatic;
				CURRENT_PROJECT_VERSION = 2;
				DEVELOPMENT_TEAM = X8L4NGJ9BL;
				GENERATE_INFOPLIST_FILE = YES;
				INFOPLIST_FILE = bumpd/Info.plist;
				INFOPLIST_KEY_CFBundleDisplayName = Bumpd;
				INFOPLIST_KEY_LSApplicationCategoryType = "public.app-category.lifestyle";
				INFOPLIST_KEY_NSAppleMusicUsageDescription = "This is necessary for replacing your profile avatar and posting media files.";
				INFOPLIST_KEY_NSCameraUsageDescription = "This is necessary if you wish to capture memories.";
				INFOPLIST_KEY_NSLocationAlwaysAndWhenInUseUsageDescription = "Your location is used to determine when there are other users nearby you may want to bump with, and allows us to notify you.";
				INFOPLIST_KEY_NSLocationAlwaysUsageDescription = "Your location is used to determine when there are other users nearby you may want to bump with, and allows us to notify you.";
				INFOPLIST_KEY_NSLocationWhenInUseUsageDescription = "Your location is used to determine when there are other users nearby you may want to bump with, and allows us to notify you.";
				INFOPLIST_KEY_NSPhotoLibraryAddUsageDescription = "This is necessary if you want to be able to upload image files.";
				INFOPLIST_KEY_NSPhotoLibraryUsageDescription = "This is necessary if you want to be able to upload image files.";
				INFOPLIST_KEY_UIApplicationSupportsIndirectInputEvents = YES;
				INFOPLIST_KEY_UILaunchStoryboardName = LaunchScreen;
				INFOPLIST_KEY_UIMainStoryboardFile = Main;
				INFOPLIST_KEY_UIRequiresFullScreen = YES;
				INFOPLIST_KEY_UIStatusBarStyle = UIStatusBarStyleDarkContent;
				INFOPLIST_KEY_UISupportedInterfaceOrientations = UIInterfaceOrientationPortrait;
				IPHONEOS_DEPLOYMENT_TARGET = 15.0;
				LD_RUNPATH_SEARCH_PATHS = (
					"$(inherited)",
					"@executable_path/Frameworks",
				);
				MARKETING_VERSION = 1.32;
				PRODUCT_BUNDLE_IDENTIFIER = com.bumpd.bumpdapp;
				PRODUCT_NAME = "$(TARGET_NAME)";
				PROVISIONING_PROFILE_SPECIFIER = "";
				SWIFT_EMIT_LOC_STRINGS = YES;
				SWIFT_VERSION = 5.0;
				TARGETED_DEVICE_FAMILY = "1,2";
			};
			name = Release;
		};
		FF7C442229F836BB001B9D35 /* Debug */ = {
			isa = XCBuildConfiguration;
			baseConfigurationReference = 4BD88B5BBE8E7658A919F2CF /* Pods-bumpdTests.debug.xcconfig */;
			buildSettings = {
				ALWAYS_EMBED_SWIFT_STANDARD_LIBRARIES = YES;
				BUNDLE_LOADER = "$(TEST_HOST)";
				CODE_SIGN_STYLE = Automatic;
				CURRENT_PROJECT_VERSION = 1;
				DEVELOPMENT_TEAM = X8L4NGJ9BL;
				GENERATE_INFOPLIST_FILE = YES;
				IPHONEOS_DEPLOYMENT_TARGET = 16.4;
				MARKETING_VERSION = 1.0;
				PRODUCT_BUNDLE_IDENTIFIER = com.bumpd.bumpdTests;
				PRODUCT_NAME = "$(TARGET_NAME)";
				SWIFT_EMIT_LOC_STRINGS = NO;
				SWIFT_VERSION = 5.0;
				TARGETED_DEVICE_FAMILY = "1,2";
				TEST_HOST = "$(BUILT_PRODUCTS_DIR)/bumpd.app/$(BUNDLE_EXECUTABLE_FOLDER_PATH)/bumpd";
			};
			name = Debug;
		};
		FF7C442329F836BB001B9D35 /* Release */ = {
			isa = XCBuildConfiguration;
			baseConfigurationReference = 4776CB74F0ECF74C33D6314C /* Pods-bumpdTests.release.xcconfig */;
			buildSettings = {
				ALWAYS_EMBED_SWIFT_STANDARD_LIBRARIES = YES;
				BUNDLE_LOADER = "$(TEST_HOST)";
				CODE_SIGN_STYLE = Automatic;
				CURRENT_PROJECT_VERSION = 1;
				DEVELOPMENT_TEAM = X8L4NGJ9BL;
				GENERATE_INFOPLIST_FILE = YES;
				IPHONEOS_DEPLOYMENT_TARGET = 16.4;
				MARKETING_VERSION = 1.0;
				PRODUCT_BUNDLE_IDENTIFIER = com.bumpd.bumpdTests;
				PRODUCT_NAME = "$(TARGET_NAME)";
				SWIFT_EMIT_LOC_STRINGS = NO;
				SWIFT_VERSION = 5.0;
				TARGETED_DEVICE_FAMILY = "1,2";
				TEST_HOST = "$(BUILT_PRODUCTS_DIR)/bumpd.app/$(BUNDLE_EXECUTABLE_FOLDER_PATH)/bumpd";
			};
			name = Release;
		};
		FF7C442529F836BB001B9D35 /* Debug */ = {
			isa = XCBuildConfiguration;
			baseConfigurationReference = E4B4D6384C7FB9D69D1C00A1 /* Pods-bumpd-bumpdUITests.debug.xcconfig */;
			buildSettings = {
				ALWAYS_EMBED_SWIFT_STANDARD_LIBRARIES = YES;
				CODE_SIGN_STYLE = Automatic;
				CURRENT_PROJECT_VERSION = 1;
				DEVELOPMENT_TEAM = X8L4NGJ9BL;
				GENERATE_INFOPLIST_FILE = YES;
				MARKETING_VERSION = 1.0;
				PRODUCT_BUNDLE_IDENTIFIER = com.bumpd.bumpdUITests;
				PRODUCT_NAME = "$(TARGET_NAME)";
				SWIFT_EMIT_LOC_STRINGS = NO;
				SWIFT_VERSION = 5.0;
				TARGETED_DEVICE_FAMILY = "1,2";
				TEST_TARGET_NAME = bumpd;
			};
			name = Debug;
		};
		FF7C442629F836BB001B9D35 /* Release */ = {
			isa = XCBuildConfiguration;
			baseConfigurationReference = 08A250261B09EEAAFF73631E /* Pods-bumpd-bumpdUITests.release.xcconfig */;
			buildSettings = {
				ALWAYS_EMBED_SWIFT_STANDARD_LIBRARIES = YES;
				CODE_SIGN_STYLE = Automatic;
				CURRENT_PROJECT_VERSION = 1;
				DEVELOPMENT_TEAM = X8L4NGJ9BL;
				GENERATE_INFOPLIST_FILE = YES;
				MARKETING_VERSION = 1.0;
				PRODUCT_BUNDLE_IDENTIFIER = com.bumpd.bumpdUITests;
				PRODUCT_NAME = "$(TARGET_NAME)";
				SWIFT_EMIT_LOC_STRINGS = NO;
				SWIFT_VERSION = 5.0;
				TARGETED_DEVICE_FAMILY = "1,2";
				TEST_TARGET_NAME = bumpd;
			};
			name = Release;
		};
/* End XCBuildConfiguration section */

/* Begin XCConfigurationList section */
		FF7C43EF29F836B8001B9D35 /* Build configuration list for PBXProject "bumpd" */ = {
			isa = XCConfigurationList;
			buildConfigurations = (
				FF7C441C29F836BB001B9D35 /* Debug */,
				FF7C441D29F836BB001B9D35 /* Release */,
			);
			defaultConfigurationIsVisible = 0;
			defaultConfigurationName = Release;
		};
		FF7C441E29F836BB001B9D35 /* Build configuration list for PBXNativeTarget "bumpd" */ = {
			isa = XCConfigurationList;
			buildConfigurations = (
				FF7C441F29F836BB001B9D35 /* Debug */,
				FF7C442029F836BB001B9D35 /* Release */,
			);
			defaultConfigurationIsVisible = 0;
			defaultConfigurationName = Release;
		};
		FF7C442129F836BB001B9D35 /* Build configuration list for PBXNativeTarget "bumpdTests" */ = {
			isa = XCConfigurationList;
			buildConfigurations = (
				FF7C442229F836BB001B9D35 /* Debug */,
				FF7C442329F836BB001B9D35 /* Release */,
			);
			defaultConfigurationIsVisible = 0;
			defaultConfigurationName = Release;
		};
		FF7C442429F836BB001B9D35 /* Build configuration list for PBXNativeTarget "bumpdUITests" */ = {
			isa = XCConfigurationList;
			buildConfigurations = (
				FF7C442529F836BB001B9D35 /* Debug */,
				FF7C442629F836BB001B9D35 /* Release */,
			);
			defaultConfigurationIsVisible = 0;
			defaultConfigurationName = Release;
		};
/* End XCConfigurationList section */
	};
	rootObject = FF7C43EC29F836B8001B9D35 /* Project object */;
}
